
Microsoft Visual Studio Solution File, Format Version 12.00
# Visual Studio 2013
VisualStudioVersion = 12.0.31101.0
MinimumVisualStudioVersion = 10.0.40219.1
Project("{FAE04EC0-301F-11D3-BF4B-00C04F79EFBC}") = "03.FindStudentsWithFirstNameBeforeLast", "ExtensionMethodsLambdaExprLINQ\03.FindStudentsWithFirstNameBeforeLast\03.FindStudentsWithFirstNameBeforeLast.csproj", "{3B5E8462-5E4F-41B6-AFDA-264F3ADD4C45}"
EndProject
Project("{2150E333-8FDC-42A3-9474-1A3956D46DE8}") = "ExtensionMethodsLambdaExprLINQ", "ExtensionMethodsLambdaExprLINQ", "{3C161677-0276-40FE-82CE-D5A5DD5A8CEB}"
EndProject
Project("{FAE04EC0-301F-11D3-BF4B-00C04F79EFBC}") = "04.FindStudentsBetween18And24YearsOld", "ExtensionMethodsLambdaExprLINQ\04.FindStudentsBetween18And24YearsOld\04.FindStudentsBetween18And24YearsOld.csproj", "{1399FF51-98DE-4CBB-9AA3-076744E3FB05}"
EndProject
Project("{FAE04EC0-301F-11D3-BF4B-00C04F79EFBC}") = "05.SortStudentsInDescendingOrder", "..\OOPExtensionMethodsLambdaExprLINQ\05.SortStudentsInDescendingOrder\05.SortStudentsInDescendingOrder.csproj", "{B759F2CC-475E-4303-AF13-07CB36CC3892}"
EndProject
Project("{FAE04EC0-301F-11D3-BF4B-00C04F79EFBC}") = "06.PrintNumbersDivisibleBy3And7", "ExtensionMethodsLambdaExprLINQ\06.PrintNumbersDivisibleBy3And7\06.PrintNumbersDivisibleBy3And7.csproj", "{4E6EF347-E526-49AB-9516-3D578FDA1AFB}"
EndProject
Project("{FAE04EC0-301F-11D3-BF4B-00C04F79EFBC}") = "07. Timer", "..\OOPExtensionMethodsLambdaExprLINQ\07. Timer\07. Timer.csproj", "{897D55E1-DC52-42DB-9100-9605B9DF8ABF}"
EndProject
Project("{2150E333-8FDC-42A3-9474-1A3956D46DE8}") = "OOPPrinciplesPart1", "OOPPrinciplesPart1", "{7BC6D74E-FB88-4B67-99FC-F1A1A93A19F7}"
EndProject
Project("{FAE04EC0-301F-11D3-BF4B-00C04F79EFBC}") = "01.School", "OOPPrinciplesPart1\01.School\01.School.csproj", "{9597A1DD-9AED-46E9-B1EB-5B79F1168B7B}"
EndProject
Project("{FAE04EC0-301F-11D3-BF4B-00C04F79EFBC}") = "02.HumanStudentWorker", "OOPPrinciplesPart1\02.HumanStudentWorker\02.HumanStudentWorker.csproj", "{25646987-4572-42B6-AE4F-9501BCD1D189}"
EndProject
Project("{FAE04EC0-301F-11D3-BF4B-00C04F79EFBC}") = "03.Animals", "OOPPrinciplesPart1\03.Animals\03.Animals.csproj", "{930D72C8-0FF3-42D3-A563-8430694B776C}"
EndProject
Project("{2150E333-8FDC-42A3-9474-1A3956D46DE8}") = "OOPPrinciplesPart2", "OOPPrinciplesPart2", "{7467ADCC-B288-44ED-B88C-4FC56163B41A}"
EndProject
Project("{FAE04EC0-301F-11D3-BF4B-00C04F79EFBC}") = "01.ShapesProject", "OOPPrinciplesPart2\01.ShapesProject\01.ShapesProject.csproj", "{BE2C0832-4DC9-4799-A38A-77804A20E8EA}"
EndProject
Project("{FAE04EC0-301F-11D3-BF4B-00C04F79EFBC}") = "02.BankSystemProject", "OOPPrinciplesPart2\02.BankSystemProject\02.BankSystemProject.csproj", "{96E915CB-289C-496A-98F5-34D700B99B4C}"
EndProject
Project("{FAE04EC0-301F-11D3-BF4B-00C04F79EFBC}") = "03.InvalidRangeException", "OOPPrinciplesPart2\03.InvalidRangeException\03.InvalidRangeException.csproj", "{E4ACFBEB-4CCB-4278-932A-4F346A2DFF6E}"
EndProject
Project("{2150E333-8FDC-42A3-9474-1A3956D46DE8}") = "CommonTypeSystem", "CommonTypeSystem", "{2BC7B964-262A-4B1C-BC17-384F820C17D7}"
EndProject
Project("{FAE04EC0-301F-11D3-BF4B-00C04F79EFBC}") = "01.StudentProject", "CommonTypeSystem\01.StudentProject\01.StudentProject.csproj", "{E71D0E71-EA75-4644-BA75-DB7D044687C1}"
EndProject
Project("{FAE04EC0-301F-11D3-BF4B-00C04F79EFBC}") = "04.Person", "CommonTypeSystem\04.Person\04.Person.csproj", "{80711718-25DD-46DD-8896-3CF879F80B7B}"
EndProject
Global
	GlobalSection(SolutionConfigurationPlatforms) = preSolution
		Debug|Any CPU = Debug|Any CPU
		Release|Any CPU = Release|Any CPU
	EndGlobalSection
	GlobalSection(ProjectConfigurationPlatforms) = postSolution
		{3B5E8462-5E4F-41B6-AFDA-264F3ADD4C45}.Debug|Any CPU.ActiveCfg = Debug|Any CPU
		{3B5E8462-5E4F-41B6-AFDA-264F3ADD4C45}.Debug|Any CPU.Build.0 = Debug|Any CPU
		{3B5E8462-5E4F-41B6-AFDA-264F3ADD4C45}.Release|Any CPU.ActiveCfg = Release|Any CPU
		{3B5E8462-5E4F-41B6-AFDA-264F3ADD4C45}.Release|Any CPU.Build.0 = Release|Any CPU
		{1399FF51-98DE-4CBB-9AA3-076744E3FB05}.Debug|Any CPU.ActiveCfg = Debug|Any CPU
		{1399FF51-98DE-4CBB-9AA3-076744E3FB05}.Debug|Any CPU.Build.0 = Debug|Any CPU
		{1399FF51-98DE-4CBB-9AA3-076744E3FB05}.Release|Any CPU.ActiveCfg = Release|Any CPU
		{1399FF51-98DE-4CBB-9AA3-076744E3FB05}.Release|Any CPU.Build.0 = Release|Any CPU
		{B759F2CC-475E-4303-AF13-07CB36CC3892}.Debug|Any CPU.ActiveCfg = Debug|Any CPU
		{B759F2CC-475E-4303-AF13-07CB36CC3892}.Debug|Any CPU.Build.0 = Debug|Any CPU
		{B759F2CC-475E-4303-AF13-07CB36CC3892}.Release|Any CPU.ActiveCfg = Release|Any CPU
		{B759F2CC-475E-4303-AF13-07CB36CC3892}.Release|Any CPU.Build.0 = Release|Any CPU
		{4E6EF347-E526-49AB-9516-3D578FDA1AFB}.Debug|Any CPU.ActiveCfg = Debug|Any CPU
		{4E6EF347-E526-49AB-9516-3D578FDA1AFB}.Debug|Any CPU.Build.0 = Debug|Any CPU
		{4E6EF347-E526-49AB-9516-3D578FDA1AFB}.Release|Any CPU.ActiveCfg = Release|Any CPU
		{4E6EF347-E526-49AB-9516-3D578FDA1AFB}.Release|Any CPU.Build.0 = Release|Any CPU
		{897D55E1-DC52-42DB-9100-9605B9DF8ABF}.Debug|Any CPU.ActiveCfg = Debug|Any CPU
		{897D55E1-DC52-42DB-9100-9605B9DF8ABF}.Debug|Any CPU.Build.0 = Debug|Any CPU
		{897D55E1-DC52-42DB-9100-9605B9DF8ABF}.Release|Any CPU.ActiveCfg = Release|Any CPU
		{897D55E1-DC52-42DB-9100-9605B9DF8ABF}.Release|Any CPU.Build.0 = Release|Any CPU
		{9597A1DD-9AED-46E9-B1EB-5B79F1168B7B}.Debug|Any CPU.ActiveCfg = Debug|Any CPU
		{9597A1DD-9AED-46E9-B1EB-5B79F1168B7B}.Debug|Any CPU.Build.0 = Debug|Any CPU
		{9597A1DD-9AED-46E9-B1EB-5B79F1168B7B}.Release|Any CPU.ActiveCfg = Release|Any CPU
		{9597A1DD-9AED-46E9-B1EB-5B79F1168B7B}.Release|Any CPU.Build.0 = Release|Any CPU
		{25646987-4572-42B6-AE4F-9501BCD1D189}.Debug|Any CPU.ActiveCfg = Debug|Any CPU
		{25646987-4572-42B6-AE4F-9501BCD1D189}.Debug|Any CPU.Build.0 = Debug|Any CPU
		{25646987-4572-42B6-AE4F-9501BCD1D189}.Release|Any CPU.ActiveCfg = Release|Any CPU
		{25646987-4572-42B6-AE4F-9501BCD1D189}.Release|Any CPU.Build.0 = Release|Any CPU
		{930D72C8-0FF3-42D3-A563-8430694B776C}.Debug|Any CPU.ActiveCfg = Debug|Any CPU
		{930D72C8-0FF3-42D3-A563-8430694B776C}.Debug|Any CPU.Build.0 = Debug|Any CPU
		{930D72C8-0FF3-42D3-A563-8430694B776C}.Release|Any CPU.ActiveCfg = Release|Any CPU
		{930D72C8-0FF3-42D3-A563-8430694B776C}.Release|Any CPU.Build.0 = Release|Any CPU
		{BE2C0832-4DC9-4799-A38A-77804A20E8EA}.Debug|Any CPU.ActiveCfg = Debug|Any CPU
		{BE2C0832-4DC9-4799-A38A-77804A20E8EA}.Debug|Any CPU.Build.0 = Debug|Any CPU
		{BE2C0832-4DC9-4799-A38A-77804A20E8EA}.Release|Any CPU.ActiveCfg = Release|Any CPU
		{BE2C0832-4DC9-4799-A38A-77804A20E8EA}.Release|Any CPU.Build.0 = Release|Any CPU
		{96E915CB-289C-496A-98F5-34D700B99B4C}.Debug|Any CPU.ActiveCfg = Debug|Any CPU
		{96E915CB-289C-496A-98F5-34D700B99B4C}.Debug|Any CPU.Build.0 = Debug|Any CPU
		{96E915CB-289C-496A-98F5-34D700B99B4C}.Release|Any CPU.ActiveCfg = Release|Any CPU
		{96E915CB-289C-496A-98F5-34D700B99B4C}.Release|Any CPU.Build.0 = Release|Any CPU
		{E4ACFBEB-4CCB-4278-932A-4F346A2DFF6E}.Debug|Any CPU.ActiveCfg = Debug|Any CPU
		{E4ACFBEB-4CCB-4278-932A-4F346A2DFF6E}.Debug|Any CPU.Build.0 = Debug|Any CPU
		{E4ACFBEB-4CCB-4278-932A-4F346A2DFF6E}.Release|Any CPU.ActiveCfg = Release|Any CPU
		{E4ACFBEB-4CCB-4278-932A-4F346A2DFF6E}.Release|Any CPU.Build.0 = Release|Any CPU
		{E71D0E71-EA75-4644-BA75-DB7D044687C1}.Debug|Any CPU.ActiveCfg = Debug|Any CPU
		{E71D0E71-EA75-4644-BA75-DB7D044687C1}.Debug|Any CPU.Build.0 = Debug|Any CPU
		{E71D0E71-EA75-4644-BA75-DB7D044687C1}.Release|Any CPU.ActiveCfg = Release|Any CPU
		{E71D0E71-EA75-4644-BA75-DB7D044687C1}.Release|Any CPU.Build.0 = Release|Any CPU
		{80711718-25DD-46DD-8896-3CF879F80B7B}.Debug|Any CPU.ActiveCfg = Debug|Any CPU
		{80711718-25DD-46DD-8896-3CF879F80B7B}.Debug|Any CPU.Build.0 = Debug|Any CPU
		{80711718-25DD-46DD-8896-3CF879F80B7B}.Release|Any CPU.ActiveCfg = Release|Any CPU
		{80711718-25DD-46DD-8896-3CF879F80B7B}.Release|Any CPU.Build.0 = Release|Any CPU
	EndGlobalSection
	GlobalSection(SolutionProperties) = preSolution
		HideSolutionNode = FALSE
	EndGlobalSection
	GlobalSection(NestedProjects) = preSolution
		{3B5E8462-5E4F-41B6-AFDA-264F3ADD4C45} = {3C161677-0276-40FE-82CE-D5A5DD5A8CEB}
		{1399FF51-98DE-4CBB-9AA3-076744E3FB05} = {3C161677-0276-40FE-82CE-D5A5DD5A8CEB}
		{B759F2CC-475E-4303-AF13-07CB36CC3892} = {3C161677-0276-40FE-82CE-D5A5DD5A8CEB}
		{4E6EF347-E526-49AB-9516-3D578FDA1AFB} = {3C161677-0276-40FE-82CE-D5A5DD5A8CEB}
		{897D55E1-DC52-42DB-9100-9605B9DF8ABF} = {3C161677-0276-40FE-82CE-D5A5DD5A8CEB}
		{9597A1DD-9AED-46E9-B1EB-5B79F1168B7B} = {7BC6D74E-FB88-4B67-99FC-F1A1A93A19F7}
		{25646987-4572-42B6-AE4F-9501BCD1D189} = {7BC6D74E-FB88-4B67-99FC-F1A1A93A19F7}
		{930D72C8-0FF3-42D3-A563-8430694B776C} = {7BC6D74E-FB88-4B67-99FC-F1A1A93A19F7}
		{BE2C0832-4DC9-4799-A38A-77804A20E8EA} = {7467ADCC-B288-44ED-B88C-4FC56163B41A}
		{96E915CB-289C-496A-98F5-34D700B99B4C} = {7467ADCC-B288-44ED-B88C-4FC56163B41A}
		{E4ACFBEB-4CCB-4278-932A-4F346A2DFF6E} = {7467ADCC-B288-44ED-B88C-4FC56163B41A}
		{E71D0E71-EA75-4644-BA75-DB7D044687C1} = {2BC7B964-262A-4B1C-BC17-384F820C17D7}
		{80711718-25DD-46DD-8896-3CF879F80B7B} = {2BC7B964-262A-4B1C-BC17-384F820C17D7}
	EndGlobalSection
EndGlobal
