
Microsoft Visual Studio Solution File, Format Version 12.00
# Visual Studio 2013
VisualStudioVersion = 12.0.31101.0
MinimumVisualStudioVersion = 10.0.40219.1
Project("{FAE04EC0-301F-11D3-BF4B-00C04F79EFBC}") = "BubbleSort", "BubbleSort\BubbleSort.csproj", "{47210700-C6BF-4673-8FE0-4BE9DDD2FA68}"
EndProject
Project("{FAE04EC0-301F-11D3-BF4B-00C04F79EFBC}") = "MergeSort", "MergeSort\MergeSort.csproj", "{EABF7EC6-C27B-4D16-BC27-1FF38BD24128}"
EndProject
Project("{FAE04EC0-301F-11D3-BF4B-00C04F79EFBC}") = "QuickSort", "QuickSort\QuickSort.csproj", "{2E996114-EEC3-4519-95B8-CAA3E7118B69}"
EndProject
Project("{FAE04EC0-301F-11D3-BF4B-00C04F79EFBC}") = "SumAndAverage", "SumAndAverage\SumAndAverage.csproj", "{46EBAE61-7CA9-4F93-9696-E0F4BE6D0FD9}"
EndProject
Project("{FAE04EC0-301F-11D3-BF4B-00C04F79EFBC}") = "SortWords", "SortWords\SortWords.csproj", "{19F1F736-E83A-475F-87A2-E8314EC4E66A}"
EndProject
Project("{FAE04EC0-301F-11D3-BF4B-00C04F79EFBC}") = "Test", "Test\Test.csproj", "{FB1BBC11-3D9A-41ED-9811-369789E09386}"
EndProject
Project("{FAE04EC0-301F-11D3-BF4B-00C04F79EFBC}") = "ImplementLinkedList", "ImplementLinkedList\ImplementLinkedList.csproj", "{E1941CA6-2F09-4FFE-BC2A-8F9E7D22FDCC}"
EndProject
Project("{2150E333-8FDC-42A3-9474-1A3956D46DE8}") = "CSharp2", "CSharp2", "{C03B38D4-1531-46F0-8925-60DEDAD85BA7}"
EndProject
Project("{2150E333-8FDC-42A3-9474-1A3956D46DE8}") = "Arrays", "Arrays", "{B3C6C019-3176-44A9-B82D-232CEB646249}"
EndProject
Project("{FAE04EC0-301F-11D3-BF4B-00C04F79EFBC}") = "01.InitializationOfArray", "01.InitializationOfArray\01.InitializationOfArray.csproj", "{0FA28FB8-0F6F-4C4C-971E-33A50F32A3E1}"
EndProject
Project("{FAE04EC0-301F-11D3-BF4B-00C04F79EFBC}") = "02.CompareArraysElementByElement", "02.CompareArraysElementByElement\02.CompareArraysElementByElement.csproj", "{94FE802C-A5B3-43FA-A166-5439849D309B}"
EndProject
Project("{FAE04EC0-301F-11D3-BF4B-00C04F79EFBC}") = "04.MaximalSequenceOfEqualElements", "04.MaximalSequenceOfEqualElements\04.MaximalSequenceOfEqualElements.csproj", "{7324A609-E083-4B67-952A-B65A5C4EDB41}"
EndProject
Project("{FAE04EC0-301F-11D3-BF4B-00C04F79EFBC}") = "05.MaxIncreasingSequence", "05.MaxIncreasingSequence\05.MaxIncreasingSequence.csproj", "{E3FD903D-EBCD-4B18-8660-4636EE9F371A}"
EndProject
Project("{FAE04EC0-301F-11D3-BF4B-00C04F79EFBC}") = "06.MaxSumOfGivenElementsInArray", "06.MaxSumOfGivenElementsInArray\06.MaxSumOfGivenElementsInArray.csproj", "{B8989311-837B-4EB2-90D4-67D3A439DD1D}"
EndProject
Project("{FAE04EC0-301F-11D3-BF4B-00C04F79EFBC}") = "07.SelectionSort", "07.SelectionSort\07.SelectionSort.csproj", "{158B3547-FA90-462C-A522-42A90947E85B}"
EndProject
Project("{FAE04EC0-301F-11D3-BF4B-00C04F79EFBC}") = "08.MaximalSum", "08.MaximalSum\08.MaximalSum.csproj", "{1453125E-85E4-483D-BDDC-923695335672}"
EndProject
Project("{2150E333-8FDC-42A3-9474-1A3956D46DE8}") = "Methods", "Methods", "{BA3313D9-741E-413F-A57F-06C53250B8DD}"
EndProject
Project("{FAE04EC0-301F-11D3-BF4B-00C04F79EFBC}") = "04.NumberOccursInArray", "04.NumberOccursInArray\04.NumberOccursInArray.csproj", "{A9D39251-D71A-4CB8-90A9-1B93F12A1E9A}"
EndProject
Project("{FAE04EC0-301F-11D3-BF4B-00C04F79EFBC}") = "05.BiggerFromItsNeighbours", "05.BiggerFromItsNeighbours\05.BiggerFromItsNeighbours.csproj", "{F2513F56-91DB-49A7-A163-234BE3900E78}"
EndProject
Project("{FAE04EC0-301F-11D3-BF4B-00C04F79EFBC}") = "07.ReverseDigits", "07.ReverseDigits\07.ReverseDigits.csproj", "{C5478017-D24E-4FFB-905F-40C0BC6FCD37}"
EndProject
Project("{FAE04EC0-301F-11D3-BF4B-00C04F79EFBC}") = "09.MaxElementInPortionOfArray", "09.MaxElementInPortionOfArray\09.MaxElementInPortionOfArray.csproj", "{02195ABB-E004-4C58-B3A6-B31B8E29EB63}"
EndProject
Project("{FAE04EC0-301F-11D3-BF4B-00C04F79EFBC}") = "10.BigFactorial", "10.BigFactorial\10.BigFactorial.csproj", "{993E2C1A-FED3-456F-AB71-DD006FF1DC93}"
EndProject
Project("{2150E333-8FDC-42A3-9474-1A3956D46DE8}") = "UsingClassesAndObjects", "UsingClassesAndObjects", "{41829FD1-68E0-48E0-A79C-C5A711FF89B4}"
EndProject
Project("{FAE04EC0-301F-11D3-BF4B-00C04F79EFBC}") = "01.IsLeapYear", "01.IsLeapYear\01.IsLeapYear.csproj", "{8D546105-BD5E-49AE-9C7B-2AA669DC3E01}"
EndProject
Project("{FAE04EC0-301F-11D3-BF4B-00C04F79EFBC}") = "02.RandomValues", "02.RandomValues\02.RandomValues.csproj", "{4F2DD809-CD5B-4824-ABBB-D28A0F0D86A6}"
EndProject
Project("{FAE04EC0-301F-11D3-BF4B-00C04F79EFBC}") = "03.SurfaceOfTriangle", "03.SurfaceOfTriangle\03.SurfaceOfTriangle.csproj", "{27E8BB55-D4EE-4846-990C-69274813AD70}"
EndProject
Project("{FAE04EC0-301F-11D3-BF4B-00C04F79EFBC}") = "05.Workdays", "05.Workdays\05.Workdays.csproj", "{4B192C0E-332C-4114-94B7-3BEEE32F02DB}"
EndProject
Project("{FAE04EC0-301F-11D3-BF4B-00C04F79EFBC}") = "06.SumOfNumberString", "06.SumOfNumberString\06.SumOfNumberString.csproj", "{55BB1CF0-60E5-4D0D-A12A-3DEBB8C2C4EA}"
EndProject
Project("{2150E333-8FDC-42A3-9474-1A3956D46DE8}") = "StringsAndTextProcessing", "StringsAndTextProcessing", "{2B9C3AC2-5E20-418E-85B6-D96E1C4F5D85}"
EndProject
Project("{FAE04EC0-301F-11D3-BF4B-00C04F79EFBC}") = "02.ReverseString", "02.ReverseString\02.ReverseString.csproj", "{EFA76015-EA70-4ED3-924B-F6F26D3C12BB}"
EndProject
Project("{FAE04EC0-301F-11D3-BF4B-00C04F79EFBC}") = "03.CheckBrackets", "03.CheckBrackets\03.CheckBrackets.csproj", "{D865CFD3-195B-464B-8CDC-B4008B3C5FD2}"
EndProject
Project("{FAE04EC0-301F-11D3-BF4B-00C04F79EFBC}") = "03.1.CheckBracketsWithStack", "03.1.CheckBracketsWithStack\03.1.CheckBracketsWithStack.csproj", "{6C915616-86DA-4BE4-8E10-1A0B266C12EF}"
EndProject
Project("{FAE04EC0-301F-11D3-BF4B-00C04F79EFBC}") = "06.StringFilledWithStars", "06.StringFilledWithStars\06.StringFilledWithStars.csproj", "{0EABC609-92C1-4206-A71E-811052AD8AF9}"
EndProject
Project("{FAE04EC0-301F-11D3-BF4B-00C04F79EFBC}") = "09.ReplaceForbidenWords", "09.ReplaceForbidenWords\09.ReplaceForbidenWords.csproj", "{7326F366-B461-4330-8CDB-1A52512F8860}"
EndProject
Project("{FAE04EC0-301F-11D3-BF4B-00C04F79EFBC}") = "11.NumberFormats", "11.NumberFormats\11.NumberFormats.csproj", "{5ACCE447-87BD-4D54-A255-9AD6F73D3D43}"
EndProject
Project("{FAE04EC0-301F-11D3-BF4B-00C04F79EFBC}") = "13.ReverseWordsInSentence", "13.ReverseWordsInSentence\13.ReverseWordsInSentence.csproj", "{BF597669-B1A2-4E42-96EB-60861D711BF7}"
EndProject
Project("{FAE04EC0-301F-11D3-BF4B-00C04F79EFBC}") = "14.Dictionary", "14.Dictionary\14.Dictionary.csproj", "{369729C8-7AA8-43D5-8343-4FCF7987ED1F}"
EndProject
Project("{FAE04EC0-301F-11D3-BF4B-00C04F79EFBC}") = "15.HtmlTagReplace", "15.HtmlTagReplace\15.HtmlTagReplace.csproj", "{DBF577B2-4F11-4D6C-B2C6-AF3020DB2160}"
EndProject
Project("{FAE04EC0-301F-11D3-BF4B-00C04F79EFBC}") = "16.DaysBetweenTwoDates", "16.DaysBetweenTwoDates\16.DaysBetweenTwoDates.csproj", "{30BEFFD3-79CC-4FF8-AC14-5BB7436679A7}"
EndProject
Project("{FAE04EC0-301F-11D3-BF4B-00C04F79EFBC}") = "17.PrintDaysOfWeekAndTime", "17.PrintDaysOfWeekAndTime\17.PrintDaysOfWeekAndTime.csproj", "{5520D3BE-DCD9-4350-8863-B1CC068247B3}"
EndProject
Project("{FAE04EC0-301F-11D3-BF4B-00C04F79EFBC}") = "18.ExtractAllValidEmails", "17.ExtractAllValidEmails\18.ExtractAllValidEmails.csproj", "{F961934A-FE0A-4B44-9256-8F41BB93D52F}"
EndProject
Project("{FAE04EC0-301F-11D3-BF4B-00C04F79EFBC}") = "19.ExtractDate", "19.ExtractDate\19.ExtractDate.csproj", "{DFE01A7B-55F9-44E6-A9FA-AD7EFC7908C6}"
EndProject
Project("{FAE04EC0-301F-11D3-BF4B-00C04F79EFBC}") = "20.ExtractPalindromes", "20.ExtractPalindromes\20.ExtractPalindromes.csproj", "{896DAC1E-AE73-4614-896E-35DF20862D4D}"
EndProject
Project("{FAE04EC0-301F-11D3-BF4B-00C04F79EFBC}") = "21.CharOccurs", "21.CharOccurs\21.CharOccurs.csproj", "{E5A804E3-7EC3-4E9D-9BB7-9943FD9717D4}"
EndProject
Project("{FAE04EC0-301F-11D3-BF4B-00C04F79EFBC}") = "22.WordOccurs", "22.WordOccurs\22.WordOccurs.csproj", "{B3CA5441-1B59-427A-9356-F08D42743E42}"
EndProject
Project("{FAE04EC0-301F-11D3-BF4B-00C04F79EFBC}") = "23.ReplaceSequanceWithSingleElement", "23.ReplaceSequanceWithSingleElement\23.ReplaceSequanceWithSingleElement.csproj", "{AFBA1DBF-C1C3-4DB0-A79E-09A3B722AB57}"
EndProject
Project("{FAE04EC0-301F-11D3-BF4B-00C04F79EFBC}") = "24.SortAlphabetcal", "24.SortAlphabetcal\24.SortAlphabetcal.csproj", "{EC7F2D15-7F60-4239-816B-1DBFBE65970A}"
EndProject
Project("{FAE04EC0-301F-11D3-BF4B-00C04F79EFBC}") = "25.ExtractHtmlTagTitleAndBody", "25.ExtractHtmlTagTitleAndBody\25.ExtractHtmlTagTitleAndBody.csproj", "{5BB21F34-3419-4FBF-8856-49023733F55F}"
EndProject
Project("{2150E333-8FDC-42A3-9474-1A3956D46DE8}") = "TextFiles", "TextFiles", "{2D6564CC-219B-4BD7-ACDE-B1BE3DFCD806}"
EndProject
Project("{2150E333-8FDC-42A3-9474-1A3956D46DE8}") = "CSharp1", "CSharp1", "{A2595A03-F2EB-4FB7-952B-F94CDD23CAF5}"
EndProject
Project("{2150E333-8FDC-42A3-9474-1A3956D46DE8}") = "Loops", "Loops", "{5455FBC3-E719-41B3-A209-D67F9DD8D93A}"
EndProject
Project("{FAE04EC0-301F-11D3-BF4B-00C04F79EFBC}") = "03.FindMinAndMaxFromNumbers", "03.FindMinAndMaxFromNumbers\03.FindMinAndMaxFromNumbers.csproj", "{83D1383F-7412-467C-9FA2-5A3035EC9402}"
EndProject
Project("{FAE04EC0-301F-11D3-BF4B-00C04F79EFBC}") = "04.Factorials", "04.Factorials\04.Factorials.csproj", "{63678F0E-003E-4075-8646-028D6050F792}"
EndProject
Project("{FAE04EC0-301F-11D3-BF4B-00C04F79EFBC}") = "TestArrays", "TestArrays\TestArrays.csproj", "{1155352E-4B92-4F64-8FA9-45B1C5651B2C}"
EndProject
Project("{FAE04EC0-301F-11D3-BF4B-00C04F79EFBC}") = "CompareCharArraysLexico", "CompareCharArraysLexico\CompareCharArraysLexico.csproj", "{D5894776-7AD6-49E6-93AF-5441009CDBB9}"
EndProject
Project("{FAE04EC0-301F-11D3-BF4B-00C04F79EFBC}") = "SelectionSort", "SelectionSort\SelectionSort.csproj", "{506312F6-1495-4DF9-8AB7-F8B9A6E6EE43}"
EndProject
Project("{FAE04EC0-301F-11D3-BF4B-00C04F79EFBC}") = "MostFrequentElementInArray", "MostFrequentElementInArray\MostFrequentElementInArray.csproj", "{7D00C66E-046B-4F81-B17B-2FC787993627}"
EndProject
Project("{FAE04EC0-301F-11D3-BF4B-00C04F79EFBC}") = "SubSequanceEqualToGivenSum", "SubSequanceEqualToGivenSum\SubSequanceEqualToGivenSum.csproj", "{9AF01367-6FC9-4096-AAFD-6C385EFC17BE}"
EndProject
Project("{2150E333-8FDC-42A3-9474-1A3956D46DE8}") = "MultidimensionalArrays", "MultidimensionalArrays", "{EEE3A894-8483-42F9-98E3-CF4F9863E6FB}"
EndProject
Project("{FAE04EC0-301F-11D3-BF4B-00C04F79EFBC}") = "01.FillsAndPrindMatrix", "01.FillsAndPrindMatrix\01.FillsAndPrindMatrix.csproj", "{D176FF1B-7EE0-400D-997D-340E128BD6C1}"
EndProject
Project("{FAE04EC0-301F-11D3-BF4B-00C04F79EFBC}") = "02.Max3x3SquareSum", "02.Max3x3SquareSum\02.Max3x3SquareSum.csproj", "{D53D9F61-0342-4DF8-9B11-DF6D73DF49BF}"
EndProject
Project("{FAE04EC0-301F-11D3-BF4B-00C04F79EFBC}") = "Labirynt", "Labirynt\Labirynt.csproj", "{CF9BBA79-A629-47AC-B4F5-8855173C2A45}"
EndProject
Project("{2150E333-8FDC-42A3-9474-1A3956D46DE8}") = "LinearDataStructures", "LinearDataStructures", "{21CD7770-F68F-4270-B866-7D6A2C000D48}"
EndProject
Project("{FAE04EC0-301F-11D3-BF4B-00C04F79EFBC}") = "01.FindSumAndAverage", "01.FindSumAndAverage\01.FindSumAndAverage.csproj", "{8D5C745C-E9DC-47CE-841C-15DBA39CEA85}"
EndProject
Project("{FAE04EC0-301F-11D3-BF4B-00C04F79EFBC}") = "02.ReverseStack", "02.ReverseStack\02.ReverseStack.csproj", "{4A2FF6CD-69C1-48FD-8598-89630F4CDBE0}"
EndProject
Project("{FAE04EC0-301F-11D3-BF4B-00C04F79EFBC}") = "StackReverse.Test", "StackReverse.Test\StackReverse.Test.csproj", "{9823936D-1EF5-41EA-868D-848322711AC0}"
EndProject
Project("{2150E333-8FDC-42A3-9474-1A3956D46DE8}") = "02.StackReverse", "02.StackReverse", "{E7CD56A5-A60E-48ED-B8A7-A0398F7B028B}"
EndProject
Project("{FAE04EC0-301F-11D3-BF4B-00C04F79EFBC}") = "03.SortSequenceOfNumbers", "03.SortSequenceOfNumbers\03.SortSequenceOfNumbers.csproj", "{E33DDEE8-9032-49E9-9248-5243E4D438B7}"
EndProject
Project("{2150E333-8FDC-42A3-9474-1A3956D46DE8}") = "04.SubseqenceOfEvenNumbers", "04.SubseqenceOfEvenNumbers", "{EA789EB9-6B49-49E8-9B01-332EFC74EB2D}"
EndProject
Project("{FAE04EC0-301F-11D3-BF4B-00C04F79EFBC}") = "04.SubseqenceofEvenNumbers", "04.SubseqenceofEvenNumbers\04.SubseqenceofEvenNumbers.csproj", "{62F5CF2A-D189-4F7C-AB5D-B0944B2A1873}"
EndProject
Project("{FAE04EC0-301F-11D3-BF4B-00C04F79EFBC}") = "SubSequenceOfEvenNumbers.Test", "SubSequenceOfEvenNumbers.Test\SubSequenceOfEvenNumbers.Test.csproj", "{26D87E8D-407F-4535-888B-38E9C25F7979}"
EndProject
Project("{2150E333-8FDC-42A3-9474-1A3956D46DE8}") = "05.RemoveNegativeNumbers", "05.RemoveNegativeNumbers", "{A9F2B7F9-0289-4F75-A108-2B4353743A7D}"
EndProject
Project("{FAE04EC0-301F-11D3-BF4B-00C04F79EFBC}") = "05.RemoveNegativeNumbers", "05.RemoveNegativeNumbers\05.RemoveNegativeNumbers.csproj", "{2E3147C4-11FC-433C-A2C3-66726CB7FC60}"
EndProject
Project("{FAE04EC0-301F-11D3-BF4B-00C04F79EFBC}") = "RemoveNegativeNumbers.Test", "RemoveNegativeNumbers.Test\RemoveNegativeNumbers.Test.csproj", "{1F8797B8-8810-4693-AB99-F844193C4430}"
EndProject
Project("{2150E333-8FDC-42A3-9474-1A3956D46DE8}") = "06.RemoveOddTimeNumbers", "06.RemoveOddTimeNumbers", "{7FA154A1-A05C-4A60-B947-D2C38A603F3F}"
EndProject
Project("{FAE04EC0-301F-11D3-BF4B-00C04F79EFBC}") = "06.RemoveOddTimeNumbers", "06.RemoveOddTimeNumbers\06.RemoveOddTimeNumbers.csproj", "{7101648E-11F9-4E95-95F0-4C7B6016AE16}"
EndProject
Project("{FAE04EC0-301F-11D3-BF4B-00C04F79EFBC}") = "RemoveOddTimeNumbers.Test", "RemoveOddTimeNumbers.Test\RemoveOddTimeNumbers.Test.csproj", "{5C4A1269-5237-44CB-A040-26CADDA6BFB7}"
EndProject
Project("{2150E333-8FDC-42A3-9474-1A3956D46DE8}") = "07.CountElements", "07.CountElements", "{737570CB-3745-40E9-B36C-E077DD0085D1}"
EndProject
Project("{FAE04EC0-301F-11D3-BF4B-00C04F79EFBC}") = "07.CountElements", "07.CountElements\07.CountElements.csproj", "{F4F6DA5C-1A28-4249-8544-93467E056EAF}"
EndProject
Project("{2150E333-8FDC-42A3-9474-1A3956D46DE8}") = "08.MajorantOfArray", "08.MajorantOfArray", "{A7A71F33-C2A8-4D9B-B1AE-66B2978BCF5E}"
EndProject
Project("{FAE04EC0-301F-11D3-BF4B-00C04F79EFBC}") = "08.MajorantOfArray", "08.MajorantOfArray\08.MajorantOfArray.csproj", "{5A14D4B3-ACD2-4706-A328-9102D7D11B78}"
EndProject
Project("{2150E333-8FDC-42A3-9474-1A3956D46DE8}") = "09.FindFirst50MembersOfSequance", "09.FindFirst50MembersOfSequance", "{0D08BF24-00FE-45BC-86C8-83850BABB7EA}"
EndProject
Project("{FAE04EC0-301F-11D3-BF4B-00C04F79EFBC}") = "09.FindFirst50MembersOfSequance", "09.FindFirst50MembersOfSequance\09.FindFirst50MembersOfSequance.csproj", "{5419C048-FAB0-4919-AA7C-DA448AC2774C}"
EndProject
Project("{2150E333-8FDC-42A3-9474-1A3956D46DE8}") = "11.LinkedListImplementation", "11.LinkedListImplementation", "{EC284D7B-F7F7-44E8-8A5C-7327B995C5E1}"
EndProject
Project("{FAE04EC0-301F-11D3-BF4B-00C04F79EFBC}") = "11.LinkedListImplementation", "11.LinkedListImplementation\11.LinkedListImplementation.csproj", "{E1DFB1CF-65D6-450D-AD62-BECDD1EDB3B4}"
EndProject
Project("{2150E333-8FDC-42A3-9474-1A3956D46DE8}") = "Test", "Test", "{4056C363-0FBE-4CEC-BBAC-26B803366749}"
EndProject
Project("{FAE04EC0-301F-11D3-BF4B-00C04F79EFBC}") = "ConsoleApplication1", "ConsoleApplication1\ConsoleApplication1.csproj", "{B6B69017-2363-4FEE-BBCD-1915DD629735}"
EndProject
Project("{2150E333-8FDC-42A3-9474-1A3956D46DE8}") = "12.StackIMplementation", "12.StackIMplementation", "{9E246CEF-B72C-4AA2-8E9A-978E98A42D45}"
EndProject
Project("{FAE04EC0-301F-11D3-BF4B-00C04F79EFBC}") = "StackImplementation", "StackImplementation\StackImplementation.csproj", "{5241AE8E-9DD0-491B-A88C-078EE1C3104A}"
EndProject
Project("{FAE04EC0-301F-11D3-BF4B-00C04F79EFBC}") = "StackImplementation.Test", "StackImplementation.Test\StackImplementation.Test.csproj", "{BB02C423-79BD-4AC2-9BDF-82E1B0581FD5}"
EndProject
Project("{2150E333-8FDC-42A3-9474-1A3956D46DE8}") = "13.QueueImplementation", "13.QueueImplementation", "{A2989574-9CA7-4890-A0C3-05AA238DD535}"
EndProject
Project("{FAE04EC0-301F-11D3-BF4B-00C04F79EFBC}") = "13.QueueImplementation", "13.QueueImplementation\13.QueueImplementation.csproj", "{6DCCE395-61A7-4561-9D3A-38537427EA34}"
EndProject
Project("{FAE04EC0-301F-11D3-BF4B-00C04F79EFBC}") = "QueueImplementation.Test", "QueueImplementation.Test\QueueImplementation.Test.csproj", "{AF3BDDED-DFBA-4893-A640-55E0797E378A}"
EndProject
Project("{2150E333-8FDC-42A3-9474-1A3956D46DE8}") = "TreesAandTraversals", "TreesAandTraversals", "{1E005404-1F15-456F-8FCF-A1BC9C7AB2BA}"
EndProject
Project("{2150E333-8FDC-42A3-9474-1A3956D46DE8}") = "01.Tree", "01.Tree", "{91B03208-2E69-41CB-A059-F8DE61C31CB2}"
EndProject
Project("{FAE04EC0-301F-11D3-BF4B-00C04F79EFBC}") = "01.Tree", "01.Tree\01.Tree.csproj", "{E2723562-9B2C-46E0-9A71-8BB7A2027E8F}"
EndProject
Project("{2150E333-8FDC-42A3-9474-1A3956D46DE8}") = "DictionariesHashTablesAndSets", "DictionariesHashTablesAndSets", "{37450AFB-1A84-4288-9FE8-12CD8AD42051}"
EndProject
Project("{FAE04EC0-301F-11D3-BF4B-00C04F79EFBC}") = "01.ElementCount", "01.ElementCount\01.ElementCount.csproj", "{61759695-F67E-41FD-9B66-B549BC1945DC}"
EndProject
Project("{FAE04EC0-301F-11D3-BF4B-00C04F79EFBC}") = "02.WordExtract", "02.WordExtract\02.WordExtract.csproj", "{A38C41FE-4EDC-4008-8308-99A88A912AD4}"
EndProject
Project("{FAE04EC0-301F-11D3-BF4B-00C04F79EFBC}") = "03.CountWordsFromFile", "03.CountWordsFromFile\03.CountWordsFromFile.csproj", "{492593CE-6B6B-4424-9295-75162EEEA9D8}"
EndProject
Project("{2150E333-8FDC-42A3-9474-1A3956D46DE8}") = "SortingAndSearchingAlgorithms", "SortingAndSearchingAlgorithms", "{3D9F3FD4-ECCC-4876-BB8D-83A7C5C01FBF}"
EndProject
Project("{FAE04EC0-301F-11D3-BF4B-00C04F79EFBC}") = "01.SearchAndSort", "01.SearchAndSort\01.SearchAndSort.csproj", "{8A4CBB4F-60CC-47AA-85A6-A22907106CBF}"
EndProject
Project("{FAE04EC0-301F-11D3-BF4B-00C04F79EFBC}") = "SearchAndSortTest", "SearchAndSortTest\SearchAndSortTest.csproj", "{EC0B8B9D-27BB-4BBA-A065-72A5C29EB4EE}"
EndProject
Project("{2150E333-8FDC-42A3-9474-1A3956D46DE8}") = "Databases", "Databases", "{E2C83AB0-4221-4508-9C99-22E20257F764}"
EndProject
Project("{FAE04EC0-301F-11D3-BF4B-00C04F79EFBC}") = "GetCategoriesCount", "Databases\GetCategoriesCount\GetCategoriesCount.csproj", "{BD9F5352-72C7-4DB2-B94E-82C1CA9FB331}"
EndProject
Project("{FAE04EC0-301F-11D3-BF4B-00C04F79EFBC}") = "NameAndDescOfCards", "Databases\ADO.NET\NameAndDescOfCards\NameAndDescOfCards.csproj", "{034A311F-8EF8-49F5-9E0B-705B63B665B3}"
EndProject
Project("{FAE04EC0-301F-11D3-BF4B-00C04F79EFBC}") = "CategoriesAndProductsName", "Databases\ADO.NET\CategoriesAndProductsName\CategoriesAndProductsName.csproj", "{DA8431AD-5CE4-493A-B462-5F8DFE462D55}"
EndProject
Project("{FAE04EC0-301F-11D3-BF4B-00C04F79EFBC}") = "AddProductWithParametrizedQuery", "Databases\ADO.NET\AddProductWithParametrizedQuery\AddProductWithParametrizedQuery.csproj", "{5C937C8C-4165-4F29-AC72-907375D3B8BE}"
EndProject
Project("{FAE04EC0-301F-11D3-BF4B-00C04F79EFBC}") = "LibrarySQLight", "Databases\ADO.NET\LibrarySQLight\LibrarySQLight.csproj", "{83FD3269-B0E4-4C5B-A1DE-2C5CA565D786}"
EndProject
Project("{FAE04EC0-301F-11D3-BF4B-00C04F79EFBC}") = "DemoAdoNet", "Databases\ADO.NET\DemoAdoNet\DemoAdoNet.csproj", "{BDC57643-7B11-49B6-8DED-53F38B4DE2AC}"
EndProject
Project("{2150E333-8FDC-42A3-9474-1A3956D46DE8}") = "EntityFramework", "EntityFramework", "{BB8A9486-80A0-4E9A-8016-7019650029A0}"
EndProject
Project("{FAE04EC0-301F-11D3-BF4B-00C04F79EFBC}") = "01.DataModels", "Database\EntityFramework\01.DataModels\01.DataModels.csproj", "{2AF892BF-FB4E-4C61-906F-C0C7EB0AB87B}"
EndProject
Project("{FAE04EC0-301F-11D3-BF4B-00C04F79EFBC}") = "02.NortwindDao", "Databases\EntityFramework\02.NortwindDao\02.NortwindDao.csproj", "{CB2FF63B-D28C-49A9-8FBD-CB5C59ADD02E}"
EndProject
Project("{FAE04EC0-301F-11D3-BF4B-00C04F79EFBC}") = "03.GetCustomer", "Databases\EntityFramework\03.GetCustomer\03.GetCustomer.csproj", "{11AAC9F2-ABE4-4760-AC30-FE02833C5E00}"
EndProject
Project("{FAE04EC0-301F-11D3-BF4B-00C04F79EFBC}") = "04.GetCustomerSql", "Databases\EntityFramework\04.GetCustomerSql\04.GetCustomerSql.csproj", "{EE11E22A-4DEE-4469-B3CA-D1B196F544A2}"
EndProject
Project("{FAE04EC0-301F-11D3-BF4B-00C04F79EFBC}") = "05.SalesByRegionandPeriod", "Databases\EntityFramework\05.SalesByRegionandPeriod\05.SalesByRegionandPeriod.csproj", "{48AEF3A3-315D-4673-B02B-C5F888DEF6FA}"
EndProject
Project("{FAE04EC0-301F-11D3-BF4B-00C04F79EFBC}") = "06.Nortwindtwin", "Databases\EntityFramework\06.Nortwindtwin\06.Nortwindtwin.csproj", "{EAE92911-ED04-4740-9A3D-8B1D658B4D02}"
EndProject
Project("{FAE04EC0-301F-11D3-BF4B-00C04F79EFBC}") = "07. Concurrency simulation", "Databases\EntityFramework\07. Concurrency simulation\07. Concurrency simulation.csproj", "{0006298B-5ECC-4409-93DD-E317AEE02232}"
EndProject
Project("{FAE04EC0-301F-11D3-BF4B-00C04F79EFBC}") = "08.ExtendedEmployees", "Databases\EntityFramework\08.ExtendedEmployees\08.ExtendedEmployees.csproj", "{8B930DE8-B098-4A70-977F-A653AC7A914A}"
EndProject
Project("{FAE04EC0-301F-11D3-BF4B-00C04F79EFBC}") = "09.AddOrdersWithTransactions", "Databases\EntityFramework\09.AddOrdersWithTransactions\09.AddOrdersWithTransactions.csproj", "{13973F59-4F5C-4746-80D8-1356BF410445}"
EndProject
Project("{FAE04EC0-301F-11D3-BF4B-00C04F79EFBC}") = "10.UserGroups", "Databases\EntityFramework\10.UserGroups\10.UserGroups.csproj", "{22D3684C-2547-4469-A817-FB1F13D41518}"
EndProject
Project("{2150E333-8FDC-42A3-9474-1A3956D46DE8}") = "EntityFrameworkPerformance", "EntityFrameworkPerformance", "{9FE16FE2-47F6-46DF-85E6-3CB203C33F23}"
EndProject
Project("{FAE04EC0-301F-11D3-BF4B-00C04F79EFBC}") = "01.SelectWithAndWithoutInclude", "Databases\EntityFrameworkPerformance\01.SelectWithAndWithoutInclude\01.SelectWithAndWithoutInclude.csproj", "{2A7BDD8A-04B1-4E03-B5E3-B82EEE46535E}"
EndProject
Project("{FAE04EC0-301F-11D3-BF4B-00C04F79EFBC}") = "02.SelectWithAndWithoutToList", "Databases\EntityFrameworkPerformance\02.SelectWithAndWithoutToList\02.SelectWithAndWithoutToList.csproj", "{37142272-0BF4-4243-A51C-3E760F562EE2}"
EndProject
Project("{2150E333-8FDC-42A3-9474-1A3956D46DE8}") = "EntityFrameworkCodeFirst", "EntityFrameworkCodeFirst", "{C9CB501A-258A-4B82-B27D-BF9BA81B54E7}"
EndProject
Project("{FAE04EC0-301F-11D3-BF4B-00C04F79EFBC}") = "StudentSystem.Client", "Databases\EntityFrameworkCodeFirst\StudentSystem.Client\StudentSystem.Client.csproj", "{46549400-330C-46A4-BF38-71D1501F8A69}"
EndProject
Project("{FAE04EC0-301F-11D3-BF4B-00C04F79EFBC}") = "StudentSystem.Models", "Databases\EntityFrameworkCodeFirst\StudentSystem.Models\StudentSystem.Models.csproj", "{CF5DCE6A-8BF7-43A4-9502-55919ADCF1EF}"
EndProject
Project("{FAE04EC0-301F-11D3-BF4B-00C04F79EFBC}") = "DataLibrary", "Databases\EntityFrameworkCodeFirst\DataLibrary\DataLibrary.csproj", "{036FAE10-AB34-42E7-899D-BF89C4F32609}"
EndProject
Project("{FAE04EC0-301F-11D3-BF4B-00C04F79EFBC}") = "ATM.Client", "Databases\TransactionsInADO.NETAndEF\ATM.Client\ATM.Client.csproj", "{785C00DE-4260-4464-9D40-216A3E2079EC}"
EndProject
Project("{2150E333-8FDC-42A3-9474-1A3956D46DE8}") = "TransactionsInADO.NETAndEF", "TransactionsInADO.NETAndEF", "{49739168-7E48-4CF2-9DFE-BF2BCDB2615F}"
EndProject
Project("{FAE04EC0-301F-11D3-BF4B-00C04F79EFBC}") = "ATM.Data", "Databases\TransactionsInADO.NETAndEF\ATM.Data\ATM.Data.csproj", "{14457358-3A40-45B4-9280-768DCE982CCF}"
EndProject
Project("{FAE04EC0-301F-11D3-BF4B-00C04F79EFBC}") = "ATM.Models", "Databases\TransactionsInADO.NETAndEF\ATM.Models\ATM.Models.csproj", "{967833E7-E8AB-45A6-AE8C-B8929F86883F}"
EndProject
Project("{2150E333-8FDC-42A3-9474-1A3956D46DE8}") = "XMLBasics", "XMLBasics", "{DB964084-EDC4-4108-AF32-79CF95B0DBBB}"
EndProject
Project("{FAE04EC0-301F-11D3-BF4B-00C04F79EFBC}") = "XmlBasics", "Databases\XMLBasics\XmlBasics\XmlBasics.csproj", "{EECA2FB7-FAA3-4B58-B58C-389693744D83}"
EndProject
Project("{2150E333-8FDC-42A3-9474-1A3956D46DE8}") = "XMLProcessingIn.NET", "XMLProcessingIn.NET", "{BFF38B2C-F1BB-4D9E-A54C-4DEFF436E544}"
EndProject
Project("{FAE04EC0-301F-11D3-BF4B-00C04F79EFBC}") = "02.PrintNumberOfAlbumsForArtist", "Databases\XMLProcessingIn.NET\02.PrintNumberOfAlbumsForArtist\02.PrintNumberOfAlbumsForArtist.csproj", "{C8381D67-E425-4784-B182-D52B5AA91CDD}"
EndProject
Project("{FAE04EC0-301F-11D3-BF4B-00C04F79EFBC}") = "03.NumberOfAlbumsForArtistWithXPath", "Databases\XMLProcessingIn.NET\03.NumberOfAlbumsForArtistWithXPath\03.NumberOfAlbumsForArtistWithXPath.csproj", "{33C0E793-92C8-4F78-8B14-927DE4C5ABC5}"
EndProject
Project("{FAE04EC0-301F-11D3-BF4B-00C04F79EFBC}") = "04.DeleteAlbums", "Databases\XMLProcessingIn.NET\04.DeleteAlbums\04.DeleteAlbums.csproj", "{B3F06F9B-13F3-4BBE-B564-8610B27C606C}"
EndProject
Project("{FAE04EC0-301F-11D3-BF4B-00C04F79EFBC}") = "05.ExtractSongTitles", "Databases\XMLProcessingIn.NET\05.ExtractSongTitles\05.ExtractSongTitles.csproj", "{6AE37994-AB4E-4BCE-9356-9DA6D5FD360E}"
EndProject
Project("{FAE04EC0-301F-11D3-BF4B-00C04F79EFBC}") = "06.ExtractSongTitlesWithXDocument", "Databases\XMLProcessingIn.NET\06.ExtractSongTitlesWithXDocument\06.ExtractSongTitlesWithXDocument.csproj", "{AB7176AA-5218-4E73-B057-62018BA59A14}"
EndProject
Project("{FAE04EC0-301F-11D3-BF4B-00C04F79EFBC}") = "07.ExtractPeopleInfoToXmlFile", "Databases\XMLProcessingIn.NET\07.ExtractPeopleInfoToXmlFile\07.ExtractPeopleInfoToXmlFile.csproj", "{A057E9DE-F484-4667-B836-BE4295EA4546}"
EndProject
Project("{FAE04EC0-301F-11D3-BF4B-00C04F79EFBC}") = "08.ExtractAlbumNamesAndAuthors", "Databases\XMLProcessingIn.NET\08.ExtractAlbumNamesAndAuthors\08.ExtractAlbumNamesAndAuthors.csproj", "{5006B1B6-0EF3-4833-BFC3-F21B68A4F4B8}"
EndProject
Project("{FAE04EC0-301F-11D3-BF4B-00C04F79EFBC}") = "09.TraverseDirectory", "Databases\XMLProcessingIn.NET\09.TraverseDirectory\09.TraverseDirectory.csproj", "{5CB3D131-D55C-4C50-91AC-EDBA2C669724}"
EndProject
Project("{FAE04EC0-301F-11D3-BF4B-00C04F79EFBC}") = "10.TraverseDirectoryXDocument", "Databases\XMLProcessingIn.NET\10.TraverseDirectoryXDocument\10.TraverseDirectoryXDocument.csproj", "{12B6A4F6-985C-4BEF-9255-9E1290433A61}"
EndProject
Project("{FAE04EC0-301F-11D3-BF4B-00C04F79EFBC}") = "11.FindPricesOfAlbums", "Databases\XMLProcessingIn.NET\11.FindPricesOfAlbums\11.FindPricesOfAlbums.csproj", "{405227C4-AF5A-4855-BDBC-A08C556B67A9}"
EndProject
Project("{FAE04EC0-301F-11D3-BF4B-00C04F79EFBC}") = "12.FindPricesOfAlbumsLINQ", "Databases\XMLProcessingIn.NET\12.FindPricesOfAlbumsLINQ\12.FindPricesOfAlbumsLINQ.csproj", "{AB561475-BD89-4815-911F-78E0CD74E2BD}"
EndProject
Project("{FAE04EC0-301F-11D3-BF4B-00C04F79EFBC}") = "14.02.XMLProcessingIn.NET", "Databases\XMLProcessingIn.NET\14.02.XMLProcessingIn.NET\14.02.XMLProcessingIn.NET.csproj", "{DC5A3E6B-CD6D-4B19-A10C-F4BAE6761D00}"
EndProject
Global
	GlobalSection(SolutionConfigurationPlatforms) = preSolution
		Debug|Any CPU = Debug|Any CPU
		Release|Any CPU = Release|Any CPU
	EndGlobalSection
	GlobalSection(ProjectConfigurationPlatforms) = postSolution
		{47210700-C6BF-4673-8FE0-4BE9DDD2FA68}.Debug|Any CPU.ActiveCfg = Debug|Any CPU
		{47210700-C6BF-4673-8FE0-4BE9DDD2FA68}.Debug|Any CPU.Build.0 = Debug|Any CPU
		{47210700-C6BF-4673-8FE0-4BE9DDD2FA68}.Release|Any CPU.ActiveCfg = Release|Any CPU
		{47210700-C6BF-4673-8FE0-4BE9DDD2FA68}.Release|Any CPU.Build.0 = Release|Any CPU
		{EABF7EC6-C27B-4D16-BC27-1FF38BD24128}.Debug|Any CPU.ActiveCfg = Debug|Any CPU
		{EABF7EC6-C27B-4D16-BC27-1FF38BD24128}.Debug|Any CPU.Build.0 = Debug|Any CPU
		{EABF7EC6-C27B-4D16-BC27-1FF38BD24128}.Release|Any CPU.ActiveCfg = Release|Any CPU
		{EABF7EC6-C27B-4D16-BC27-1FF38BD24128}.Release|Any CPU.Build.0 = Release|Any CPU
		{2E996114-EEC3-4519-95B8-CAA3E7118B69}.Debug|Any CPU.ActiveCfg = Debug|Any CPU
		{2E996114-EEC3-4519-95B8-CAA3E7118B69}.Debug|Any CPU.Build.0 = Debug|Any CPU
		{2E996114-EEC3-4519-95B8-CAA3E7118B69}.Release|Any CPU.ActiveCfg = Release|Any CPU
		{2E996114-EEC3-4519-95B8-CAA3E7118B69}.Release|Any CPU.Build.0 = Release|Any CPU
		{46EBAE61-7CA9-4F93-9696-E0F4BE6D0FD9}.Debug|Any CPU.ActiveCfg = Debug|Any CPU
		{46EBAE61-7CA9-4F93-9696-E0F4BE6D0FD9}.Debug|Any CPU.Build.0 = Debug|Any CPU
		{46EBAE61-7CA9-4F93-9696-E0F4BE6D0FD9}.Release|Any CPU.ActiveCfg = Release|Any CPU
		{46EBAE61-7CA9-4F93-9696-E0F4BE6D0FD9}.Release|Any CPU.Build.0 = Release|Any CPU
		{19F1F736-E83A-475F-87A2-E8314EC4E66A}.Debug|Any CPU.ActiveCfg = Debug|Any CPU
		{19F1F736-E83A-475F-87A2-E8314EC4E66A}.Debug|Any CPU.Build.0 = Debug|Any CPU
		{19F1F736-E83A-475F-87A2-E8314EC4E66A}.Release|Any CPU.ActiveCfg = Release|Any CPU
		{19F1F736-E83A-475F-87A2-E8314EC4E66A}.Release|Any CPU.Build.0 = Release|Any CPU
		{FB1BBC11-3D9A-41ED-9811-369789E09386}.Debug|Any CPU.ActiveCfg = Debug|Any CPU
		{FB1BBC11-3D9A-41ED-9811-369789E09386}.Debug|Any CPU.Build.0 = Debug|Any CPU
		{FB1BBC11-3D9A-41ED-9811-369789E09386}.Release|Any CPU.ActiveCfg = Release|Any CPU
		{FB1BBC11-3D9A-41ED-9811-369789E09386}.Release|Any CPU.Build.0 = Release|Any CPU
		{E1941CA6-2F09-4FFE-BC2A-8F9E7D22FDCC}.Debug|Any CPU.ActiveCfg = Debug|Any CPU
		{E1941CA6-2F09-4FFE-BC2A-8F9E7D22FDCC}.Debug|Any CPU.Build.0 = Debug|Any CPU
		{E1941CA6-2F09-4FFE-BC2A-8F9E7D22FDCC}.Release|Any CPU.ActiveCfg = Release|Any CPU
		{E1941CA6-2F09-4FFE-BC2A-8F9E7D22FDCC}.Release|Any CPU.Build.0 = Release|Any CPU
		{0FA28FB8-0F6F-4C4C-971E-33A50F32A3E1}.Debug|Any CPU.ActiveCfg = Debug|Any CPU
		{0FA28FB8-0F6F-4C4C-971E-33A50F32A3E1}.Debug|Any CPU.Build.0 = Debug|Any CPU
		{0FA28FB8-0F6F-4C4C-971E-33A50F32A3E1}.Release|Any CPU.ActiveCfg = Release|Any CPU
		{0FA28FB8-0F6F-4C4C-971E-33A50F32A3E1}.Release|Any CPU.Build.0 = Release|Any CPU
		{94FE802C-A5B3-43FA-A166-5439849D309B}.Debug|Any CPU.ActiveCfg = Debug|Any CPU
		{94FE802C-A5B3-43FA-A166-5439849D309B}.Debug|Any CPU.Build.0 = Debug|Any CPU
		{94FE802C-A5B3-43FA-A166-5439849D309B}.Release|Any CPU.ActiveCfg = Release|Any CPU
		{94FE802C-A5B3-43FA-A166-5439849D309B}.Release|Any CPU.Build.0 = Release|Any CPU
		{7324A609-E083-4B67-952A-B65A5C4EDB41}.Debug|Any CPU.ActiveCfg = Debug|Any CPU
		{7324A609-E083-4B67-952A-B65A5C4EDB41}.Debug|Any CPU.Build.0 = Debug|Any CPU
		{7324A609-E083-4B67-952A-B65A5C4EDB41}.Release|Any CPU.ActiveCfg = Release|Any CPU
		{7324A609-E083-4B67-952A-B65A5C4EDB41}.Release|Any CPU.Build.0 = Release|Any CPU
		{E3FD903D-EBCD-4B18-8660-4636EE9F371A}.Debug|Any CPU.ActiveCfg = Debug|Any CPU
		{E3FD903D-EBCD-4B18-8660-4636EE9F371A}.Debug|Any CPU.Build.0 = Debug|Any CPU
		{E3FD903D-EBCD-4B18-8660-4636EE9F371A}.Release|Any CPU.ActiveCfg = Release|Any CPU
		{E3FD903D-EBCD-4B18-8660-4636EE9F371A}.Release|Any CPU.Build.0 = Release|Any CPU
		{B8989311-837B-4EB2-90D4-67D3A439DD1D}.Debug|Any CPU.ActiveCfg = Debug|Any CPU
		{B8989311-837B-4EB2-90D4-67D3A439DD1D}.Debug|Any CPU.Build.0 = Debug|Any CPU
		{B8989311-837B-4EB2-90D4-67D3A439DD1D}.Release|Any CPU.ActiveCfg = Release|Any CPU
		{B8989311-837B-4EB2-90D4-67D3A439DD1D}.Release|Any CPU.Build.0 = Release|Any CPU
		{158B3547-FA90-462C-A522-42A90947E85B}.Debug|Any CPU.ActiveCfg = Debug|Any CPU
		{158B3547-FA90-462C-A522-42A90947E85B}.Debug|Any CPU.Build.0 = Debug|Any CPU
		{158B3547-FA90-462C-A522-42A90947E85B}.Release|Any CPU.ActiveCfg = Release|Any CPU
		{158B3547-FA90-462C-A522-42A90947E85B}.Release|Any CPU.Build.0 = Release|Any CPU
		{1453125E-85E4-483D-BDDC-923695335672}.Debug|Any CPU.ActiveCfg = Debug|Any CPU
		{1453125E-85E4-483D-BDDC-923695335672}.Debug|Any CPU.Build.0 = Debug|Any CPU
		{1453125E-85E4-483D-BDDC-923695335672}.Release|Any CPU.ActiveCfg = Release|Any CPU
		{1453125E-85E4-483D-BDDC-923695335672}.Release|Any CPU.Build.0 = Release|Any CPU
		{A9D39251-D71A-4CB8-90A9-1B93F12A1E9A}.Debug|Any CPU.ActiveCfg = Debug|Any CPU
		{A9D39251-D71A-4CB8-90A9-1B93F12A1E9A}.Debug|Any CPU.Build.0 = Debug|Any CPU
		{A9D39251-D71A-4CB8-90A9-1B93F12A1E9A}.Release|Any CPU.ActiveCfg = Release|Any CPU
		{A9D39251-D71A-4CB8-90A9-1B93F12A1E9A}.Release|Any CPU.Build.0 = Release|Any CPU
		{F2513F56-91DB-49A7-A163-234BE3900E78}.Debug|Any CPU.ActiveCfg = Debug|Any CPU
		{F2513F56-91DB-49A7-A163-234BE3900E78}.Debug|Any CPU.Build.0 = Debug|Any CPU
		{F2513F56-91DB-49A7-A163-234BE3900E78}.Release|Any CPU.ActiveCfg = Release|Any CPU
		{F2513F56-91DB-49A7-A163-234BE3900E78}.Release|Any CPU.Build.0 = Release|Any CPU
		{C5478017-D24E-4FFB-905F-40C0BC6FCD37}.Debug|Any CPU.ActiveCfg = Debug|Any CPU
		{C5478017-D24E-4FFB-905F-40C0BC6FCD37}.Debug|Any CPU.Build.0 = Debug|Any CPU
		{C5478017-D24E-4FFB-905F-40C0BC6FCD37}.Release|Any CPU.ActiveCfg = Release|Any CPU
		{C5478017-D24E-4FFB-905F-40C0BC6FCD37}.Release|Any CPU.Build.0 = Release|Any CPU
		{02195ABB-E004-4C58-B3A6-B31B8E29EB63}.Debug|Any CPU.ActiveCfg = Debug|Any CPU
		{02195ABB-E004-4C58-B3A6-B31B8E29EB63}.Debug|Any CPU.Build.0 = Debug|Any CPU
		{02195ABB-E004-4C58-B3A6-B31B8E29EB63}.Release|Any CPU.ActiveCfg = Release|Any CPU
		{02195ABB-E004-4C58-B3A6-B31B8E29EB63}.Release|Any CPU.Build.0 = Release|Any CPU
		{993E2C1A-FED3-456F-AB71-DD006FF1DC93}.Debug|Any CPU.ActiveCfg = Debug|Any CPU
		{993E2C1A-FED3-456F-AB71-DD006FF1DC93}.Debug|Any CPU.Build.0 = Debug|Any CPU
		{993E2C1A-FED3-456F-AB71-DD006FF1DC93}.Release|Any CPU.ActiveCfg = Release|Any CPU
		{993E2C1A-FED3-456F-AB71-DD006FF1DC93}.Release|Any CPU.Build.0 = Release|Any CPU
		{8D546105-BD5E-49AE-9C7B-2AA669DC3E01}.Debug|Any CPU.ActiveCfg = Debug|Any CPU
		{8D546105-BD5E-49AE-9C7B-2AA669DC3E01}.Debug|Any CPU.Build.0 = Debug|Any CPU
		{8D546105-BD5E-49AE-9C7B-2AA669DC3E01}.Release|Any CPU.ActiveCfg = Release|Any CPU
		{8D546105-BD5E-49AE-9C7B-2AA669DC3E01}.Release|Any CPU.Build.0 = Release|Any CPU
		{4F2DD809-CD5B-4824-ABBB-D28A0F0D86A6}.Debug|Any CPU.ActiveCfg = Debug|Any CPU
		{4F2DD809-CD5B-4824-ABBB-D28A0F0D86A6}.Debug|Any CPU.Build.0 = Debug|Any CPU
		{4F2DD809-CD5B-4824-ABBB-D28A0F0D86A6}.Release|Any CPU.ActiveCfg = Release|Any CPU
		{4F2DD809-CD5B-4824-ABBB-D28A0F0D86A6}.Release|Any CPU.Build.0 = Release|Any CPU
		{27E8BB55-D4EE-4846-990C-69274813AD70}.Debug|Any CPU.ActiveCfg = Debug|Any CPU
		{27E8BB55-D4EE-4846-990C-69274813AD70}.Debug|Any CPU.Build.0 = Debug|Any CPU
		{27E8BB55-D4EE-4846-990C-69274813AD70}.Release|Any CPU.ActiveCfg = Release|Any CPU
		{27E8BB55-D4EE-4846-990C-69274813AD70}.Release|Any CPU.Build.0 = Release|Any CPU
		{4B192C0E-332C-4114-94B7-3BEEE32F02DB}.Debug|Any CPU.ActiveCfg = Debug|Any CPU
		{4B192C0E-332C-4114-94B7-3BEEE32F02DB}.Debug|Any CPU.Build.0 = Debug|Any CPU
		{4B192C0E-332C-4114-94B7-3BEEE32F02DB}.Release|Any CPU.ActiveCfg = Release|Any CPU
		{4B192C0E-332C-4114-94B7-3BEEE32F02DB}.Release|Any CPU.Build.0 = Release|Any CPU
		{55BB1CF0-60E5-4D0D-A12A-3DEBB8C2C4EA}.Debug|Any CPU.ActiveCfg = Debug|Any CPU
		{55BB1CF0-60E5-4D0D-A12A-3DEBB8C2C4EA}.Debug|Any CPU.Build.0 = Debug|Any CPU
		{55BB1CF0-60E5-4D0D-A12A-3DEBB8C2C4EA}.Release|Any CPU.ActiveCfg = Release|Any CPU
		{55BB1CF0-60E5-4D0D-A12A-3DEBB8C2C4EA}.Release|Any CPU.Build.0 = Release|Any CPU
		{EFA76015-EA70-4ED3-924B-F6F26D3C12BB}.Debug|Any CPU.ActiveCfg = Debug|Any CPU
		{EFA76015-EA70-4ED3-924B-F6F26D3C12BB}.Debug|Any CPU.Build.0 = Debug|Any CPU
		{EFA76015-EA70-4ED3-924B-F6F26D3C12BB}.Release|Any CPU.ActiveCfg = Release|Any CPU
		{EFA76015-EA70-4ED3-924B-F6F26D3C12BB}.Release|Any CPU.Build.0 = Release|Any CPU
		{D865CFD3-195B-464B-8CDC-B4008B3C5FD2}.Debug|Any CPU.ActiveCfg = Debug|Any CPU
		{D865CFD3-195B-464B-8CDC-B4008B3C5FD2}.Debug|Any CPU.Build.0 = Debug|Any CPU
		{D865CFD3-195B-464B-8CDC-B4008B3C5FD2}.Release|Any CPU.ActiveCfg = Release|Any CPU
		{D865CFD3-195B-464B-8CDC-B4008B3C5FD2}.Release|Any CPU.Build.0 = Release|Any CPU
		{6C915616-86DA-4BE4-8E10-1A0B266C12EF}.Debug|Any CPU.ActiveCfg = Debug|Any CPU
		{6C915616-86DA-4BE4-8E10-1A0B266C12EF}.Debug|Any CPU.Build.0 = Debug|Any CPU
		{6C915616-86DA-4BE4-8E10-1A0B266C12EF}.Release|Any CPU.ActiveCfg = Release|Any CPU
		{6C915616-86DA-4BE4-8E10-1A0B266C12EF}.Release|Any CPU.Build.0 = Release|Any CPU
		{0EABC609-92C1-4206-A71E-811052AD8AF9}.Debug|Any CPU.ActiveCfg = Debug|Any CPU
		{0EABC609-92C1-4206-A71E-811052AD8AF9}.Debug|Any CPU.Build.0 = Debug|Any CPU
		{0EABC609-92C1-4206-A71E-811052AD8AF9}.Release|Any CPU.ActiveCfg = Release|Any CPU
		{0EABC609-92C1-4206-A71E-811052AD8AF9}.Release|Any CPU.Build.0 = Release|Any CPU
		{7326F366-B461-4330-8CDB-1A52512F8860}.Debug|Any CPU.ActiveCfg = Debug|Any CPU
		{7326F366-B461-4330-8CDB-1A52512F8860}.Debug|Any CPU.Build.0 = Debug|Any CPU
		{7326F366-B461-4330-8CDB-1A52512F8860}.Release|Any CPU.ActiveCfg = Release|Any CPU
		{7326F366-B461-4330-8CDB-1A52512F8860}.Release|Any CPU.Build.0 = Release|Any CPU
		{5ACCE447-87BD-4D54-A255-9AD6F73D3D43}.Debug|Any CPU.ActiveCfg = Debug|Any CPU
		{5ACCE447-87BD-4D54-A255-9AD6F73D3D43}.Debug|Any CPU.Build.0 = Debug|Any CPU
		{5ACCE447-87BD-4D54-A255-9AD6F73D3D43}.Release|Any CPU.ActiveCfg = Release|Any CPU
		{5ACCE447-87BD-4D54-A255-9AD6F73D3D43}.Release|Any CPU.Build.0 = Release|Any CPU
		{BF597669-B1A2-4E42-96EB-60861D711BF7}.Debug|Any CPU.ActiveCfg = Debug|Any CPU
		{BF597669-B1A2-4E42-96EB-60861D711BF7}.Debug|Any CPU.Build.0 = Debug|Any CPU
		{BF597669-B1A2-4E42-96EB-60861D711BF7}.Release|Any CPU.ActiveCfg = Release|Any CPU
		{BF597669-B1A2-4E42-96EB-60861D711BF7}.Release|Any CPU.Build.0 = Release|Any CPU
		{369729C8-7AA8-43D5-8343-4FCF7987ED1F}.Debug|Any CPU.ActiveCfg = Debug|Any CPU
		{369729C8-7AA8-43D5-8343-4FCF7987ED1F}.Debug|Any CPU.Build.0 = Debug|Any CPU
		{369729C8-7AA8-43D5-8343-4FCF7987ED1F}.Release|Any CPU.ActiveCfg = Release|Any CPU
		{369729C8-7AA8-43D5-8343-4FCF7987ED1F}.Release|Any CPU.Build.0 = Release|Any CPU
		{DBF577B2-4F11-4D6C-B2C6-AF3020DB2160}.Debug|Any CPU.ActiveCfg = Debug|Any CPU
		{DBF577B2-4F11-4D6C-B2C6-AF3020DB2160}.Debug|Any CPU.Build.0 = Debug|Any CPU
		{DBF577B2-4F11-4D6C-B2C6-AF3020DB2160}.Release|Any CPU.ActiveCfg = Release|Any CPU
		{DBF577B2-4F11-4D6C-B2C6-AF3020DB2160}.Release|Any CPU.Build.0 = Release|Any CPU
		{30BEFFD3-79CC-4FF8-AC14-5BB7436679A7}.Debug|Any CPU.ActiveCfg = Debug|Any CPU
		{30BEFFD3-79CC-4FF8-AC14-5BB7436679A7}.Debug|Any CPU.Build.0 = Debug|Any CPU
		{30BEFFD3-79CC-4FF8-AC14-5BB7436679A7}.Release|Any CPU.ActiveCfg = Release|Any CPU
		{30BEFFD3-79CC-4FF8-AC14-5BB7436679A7}.Release|Any CPU.Build.0 = Release|Any CPU
		{5520D3BE-DCD9-4350-8863-B1CC068247B3}.Debug|Any CPU.ActiveCfg = Debug|Any CPU
		{5520D3BE-DCD9-4350-8863-B1CC068247B3}.Debug|Any CPU.Build.0 = Debug|Any CPU
		{5520D3BE-DCD9-4350-8863-B1CC068247B3}.Release|Any CPU.ActiveCfg = Release|Any CPU
		{5520D3BE-DCD9-4350-8863-B1CC068247B3}.Release|Any CPU.Build.0 = Release|Any CPU
		{F961934A-FE0A-4B44-9256-8F41BB93D52F}.Debug|Any CPU.ActiveCfg = Debug|Any CPU
		{F961934A-FE0A-4B44-9256-8F41BB93D52F}.Debug|Any CPU.Build.0 = Debug|Any CPU
		{F961934A-FE0A-4B44-9256-8F41BB93D52F}.Release|Any CPU.ActiveCfg = Release|Any CPU
		{F961934A-FE0A-4B44-9256-8F41BB93D52F}.Release|Any CPU.Build.0 = Release|Any CPU
		{DFE01A7B-55F9-44E6-A9FA-AD7EFC7908C6}.Debug|Any CPU.ActiveCfg = Debug|Any CPU
		{DFE01A7B-55F9-44E6-A9FA-AD7EFC7908C6}.Debug|Any CPU.Build.0 = Debug|Any CPU
		{DFE01A7B-55F9-44E6-A9FA-AD7EFC7908C6}.Release|Any CPU.ActiveCfg = Release|Any CPU
		{DFE01A7B-55F9-44E6-A9FA-AD7EFC7908C6}.Release|Any CPU.Build.0 = Release|Any CPU
		{896DAC1E-AE73-4614-896E-35DF20862D4D}.Debug|Any CPU.ActiveCfg = Debug|Any CPU
		{896DAC1E-AE73-4614-896E-35DF20862D4D}.Debug|Any CPU.Build.0 = Debug|Any CPU
		{896DAC1E-AE73-4614-896E-35DF20862D4D}.Release|Any CPU.ActiveCfg = Release|Any CPU
		{896DAC1E-AE73-4614-896E-35DF20862D4D}.Release|Any CPU.Build.0 = Release|Any CPU
		{E5A804E3-7EC3-4E9D-9BB7-9943FD9717D4}.Debug|Any CPU.ActiveCfg = Debug|Any CPU
		{E5A804E3-7EC3-4E9D-9BB7-9943FD9717D4}.Debug|Any CPU.Build.0 = Debug|Any CPU
		{E5A804E3-7EC3-4E9D-9BB7-9943FD9717D4}.Release|Any CPU.ActiveCfg = Release|Any CPU
		{E5A804E3-7EC3-4E9D-9BB7-9943FD9717D4}.Release|Any CPU.Build.0 = Release|Any CPU
		{B3CA5441-1B59-427A-9356-F08D42743E42}.Debug|Any CPU.ActiveCfg = Debug|Any CPU
		{B3CA5441-1B59-427A-9356-F08D42743E42}.Debug|Any CPU.Build.0 = Debug|Any CPU
		{B3CA5441-1B59-427A-9356-F08D42743E42}.Release|Any CPU.ActiveCfg = Release|Any CPU
		{B3CA5441-1B59-427A-9356-F08D42743E42}.Release|Any CPU.Build.0 = Release|Any CPU
		{AFBA1DBF-C1C3-4DB0-A79E-09A3B722AB57}.Debug|Any CPU.ActiveCfg = Debug|Any CPU
		{AFBA1DBF-C1C3-4DB0-A79E-09A3B722AB57}.Debug|Any CPU.Build.0 = Debug|Any CPU
		{AFBA1DBF-C1C3-4DB0-A79E-09A3B722AB57}.Release|Any CPU.ActiveCfg = Release|Any CPU
		{AFBA1DBF-C1C3-4DB0-A79E-09A3B722AB57}.Release|Any CPU.Build.0 = Release|Any CPU
		{EC7F2D15-7F60-4239-816B-1DBFBE65970A}.Debug|Any CPU.ActiveCfg = Debug|Any CPU
		{EC7F2D15-7F60-4239-816B-1DBFBE65970A}.Debug|Any CPU.Build.0 = Debug|Any CPU
		{EC7F2D15-7F60-4239-816B-1DBFBE65970A}.Release|Any CPU.ActiveCfg = Release|Any CPU
		{EC7F2D15-7F60-4239-816B-1DBFBE65970A}.Release|Any CPU.Build.0 = Release|Any CPU
		{5BB21F34-3419-4FBF-8856-49023733F55F}.Debug|Any CPU.ActiveCfg = Debug|Any CPU
		{5BB21F34-3419-4FBF-8856-49023733F55F}.Debug|Any CPU.Build.0 = Debug|Any CPU
		{5BB21F34-3419-4FBF-8856-49023733F55F}.Release|Any CPU.ActiveCfg = Release|Any CPU
		{5BB21F34-3419-4FBF-8856-49023733F55F}.Release|Any CPU.Build.0 = Release|Any CPU
		{83D1383F-7412-467C-9FA2-5A3035EC9402}.Debug|Any CPU.ActiveCfg = Debug|Any CPU
		{83D1383F-7412-467C-9FA2-5A3035EC9402}.Debug|Any CPU.Build.0 = Debug|Any CPU
		{83D1383F-7412-467C-9FA2-5A3035EC9402}.Release|Any CPU.ActiveCfg = Release|Any CPU
		{83D1383F-7412-467C-9FA2-5A3035EC9402}.Release|Any CPU.Build.0 = Release|Any CPU
		{63678F0E-003E-4075-8646-028D6050F792}.Debug|Any CPU.ActiveCfg = Debug|Any CPU
		{63678F0E-003E-4075-8646-028D6050F792}.Debug|Any CPU.Build.0 = Debug|Any CPU
		{63678F0E-003E-4075-8646-028D6050F792}.Release|Any CPU.ActiveCfg = Release|Any CPU
		{63678F0E-003E-4075-8646-028D6050F792}.Release|Any CPU.Build.0 = Release|Any CPU
		{1155352E-4B92-4F64-8FA9-45B1C5651B2C}.Debug|Any CPU.ActiveCfg = Debug|Any CPU
		{1155352E-4B92-4F64-8FA9-45B1C5651B2C}.Debug|Any CPU.Build.0 = Debug|Any CPU
		{1155352E-4B92-4F64-8FA9-45B1C5651B2C}.Release|Any CPU.ActiveCfg = Release|Any CPU
		{1155352E-4B92-4F64-8FA9-45B1C5651B2C}.Release|Any CPU.Build.0 = Release|Any CPU
		{D5894776-7AD6-49E6-93AF-5441009CDBB9}.Debug|Any CPU.ActiveCfg = Debug|Any CPU
		{D5894776-7AD6-49E6-93AF-5441009CDBB9}.Debug|Any CPU.Build.0 = Debug|Any CPU
		{D5894776-7AD6-49E6-93AF-5441009CDBB9}.Release|Any CPU.ActiveCfg = Release|Any CPU
		{D5894776-7AD6-49E6-93AF-5441009CDBB9}.Release|Any CPU.Build.0 = Release|Any CPU
		{506312F6-1495-4DF9-8AB7-F8B9A6E6EE43}.Debug|Any CPU.ActiveCfg = Debug|Any CPU
		{506312F6-1495-4DF9-8AB7-F8B9A6E6EE43}.Debug|Any CPU.Build.0 = Debug|Any CPU
		{506312F6-1495-4DF9-8AB7-F8B9A6E6EE43}.Release|Any CPU.ActiveCfg = Release|Any CPU
		{506312F6-1495-4DF9-8AB7-F8B9A6E6EE43}.Release|Any CPU.Build.0 = Release|Any CPU
		{7D00C66E-046B-4F81-B17B-2FC787993627}.Debug|Any CPU.ActiveCfg = Debug|Any CPU
		{7D00C66E-046B-4F81-B17B-2FC787993627}.Debug|Any CPU.Build.0 = Debug|Any CPU
		{7D00C66E-046B-4F81-B17B-2FC787993627}.Release|Any CPU.ActiveCfg = Release|Any CPU
		{7D00C66E-046B-4F81-B17B-2FC787993627}.Release|Any CPU.Build.0 = Release|Any CPU
		{9AF01367-6FC9-4096-AAFD-6C385EFC17BE}.Debug|Any CPU.ActiveCfg = Debug|Any CPU
		{9AF01367-6FC9-4096-AAFD-6C385EFC17BE}.Debug|Any CPU.Build.0 = Debug|Any CPU
		{9AF01367-6FC9-4096-AAFD-6C385EFC17BE}.Release|Any CPU.ActiveCfg = Release|Any CPU
		{9AF01367-6FC9-4096-AAFD-6C385EFC17BE}.Release|Any CPU.Build.0 = Release|Any CPU
		{D176FF1B-7EE0-400D-997D-340E128BD6C1}.Debug|Any CPU.ActiveCfg = Debug|Any CPU
		{D176FF1B-7EE0-400D-997D-340E128BD6C1}.Debug|Any CPU.Build.0 = Debug|Any CPU
		{D176FF1B-7EE0-400D-997D-340E128BD6C1}.Release|Any CPU.ActiveCfg = Release|Any CPU
		{D176FF1B-7EE0-400D-997D-340E128BD6C1}.Release|Any CPU.Build.0 = Release|Any CPU
		{D53D9F61-0342-4DF8-9B11-DF6D73DF49BF}.Debug|Any CPU.ActiveCfg = Debug|Any CPU
		{D53D9F61-0342-4DF8-9B11-DF6D73DF49BF}.Debug|Any CPU.Build.0 = Debug|Any CPU
		{D53D9F61-0342-4DF8-9B11-DF6D73DF49BF}.Release|Any CPU.ActiveCfg = Release|Any CPU
		{D53D9F61-0342-4DF8-9B11-DF6D73DF49BF}.Release|Any CPU.Build.0 = Release|Any CPU
		{CF9BBA79-A629-47AC-B4F5-8855173C2A45}.Debug|Any CPU.ActiveCfg = Debug|Any CPU
		{CF9BBA79-A629-47AC-B4F5-8855173C2A45}.Debug|Any CPU.Build.0 = Debug|Any CPU
		{CF9BBA79-A629-47AC-B4F5-8855173C2A45}.Release|Any CPU.ActiveCfg = Release|Any CPU
		{CF9BBA79-A629-47AC-B4F5-8855173C2A45}.Release|Any CPU.Build.0 = Release|Any CPU
		{8D5C745C-E9DC-47CE-841C-15DBA39CEA85}.Debug|Any CPU.ActiveCfg = Debug|Any CPU
		{8D5C745C-E9DC-47CE-841C-15DBA39CEA85}.Debug|Any CPU.Build.0 = Debug|Any CPU
		{8D5C745C-E9DC-47CE-841C-15DBA39CEA85}.Release|Any CPU.ActiveCfg = Release|Any CPU
		{8D5C745C-E9DC-47CE-841C-15DBA39CEA85}.Release|Any CPU.Build.0 = Release|Any CPU
		{4A2FF6CD-69C1-48FD-8598-89630F4CDBE0}.Debug|Any CPU.ActiveCfg = Debug|Any CPU
		{4A2FF6CD-69C1-48FD-8598-89630F4CDBE0}.Debug|Any CPU.Build.0 = Debug|Any CPU
		{4A2FF6CD-69C1-48FD-8598-89630F4CDBE0}.Release|Any CPU.ActiveCfg = Release|Any CPU
		{4A2FF6CD-69C1-48FD-8598-89630F4CDBE0}.Release|Any CPU.Build.0 = Release|Any CPU
		{9823936D-1EF5-41EA-868D-848322711AC0}.Debug|Any CPU.ActiveCfg = Debug|Any CPU
		{9823936D-1EF5-41EA-868D-848322711AC0}.Debug|Any CPU.Build.0 = Debug|Any CPU
		{9823936D-1EF5-41EA-868D-848322711AC0}.Release|Any CPU.ActiveCfg = Release|Any CPU
		{9823936D-1EF5-41EA-868D-848322711AC0}.Release|Any CPU.Build.0 = Release|Any CPU
		{E33DDEE8-9032-49E9-9248-5243E4D438B7}.Debug|Any CPU.ActiveCfg = Debug|Any CPU
		{E33DDEE8-9032-49E9-9248-5243E4D438B7}.Debug|Any CPU.Build.0 = Debug|Any CPU
		{E33DDEE8-9032-49E9-9248-5243E4D438B7}.Release|Any CPU.ActiveCfg = Release|Any CPU
		{E33DDEE8-9032-49E9-9248-5243E4D438B7}.Release|Any CPU.Build.0 = Release|Any CPU
		{62F5CF2A-D189-4F7C-AB5D-B0944B2A1873}.Debug|Any CPU.ActiveCfg = Debug|Any CPU
		{62F5CF2A-D189-4F7C-AB5D-B0944B2A1873}.Debug|Any CPU.Build.0 = Debug|Any CPU
		{62F5CF2A-D189-4F7C-AB5D-B0944B2A1873}.Release|Any CPU.ActiveCfg = Release|Any CPU
		{62F5CF2A-D189-4F7C-AB5D-B0944B2A1873}.Release|Any CPU.Build.0 = Release|Any CPU
		{26D87E8D-407F-4535-888B-38E9C25F7979}.Debug|Any CPU.ActiveCfg = Debug|Any CPU
		{26D87E8D-407F-4535-888B-38E9C25F7979}.Debug|Any CPU.Build.0 = Debug|Any CPU
		{26D87E8D-407F-4535-888B-38E9C25F7979}.Release|Any CPU.ActiveCfg = Release|Any CPU
		{26D87E8D-407F-4535-888B-38E9C25F7979}.Release|Any CPU.Build.0 = Release|Any CPU
		{2E3147C4-11FC-433C-A2C3-66726CB7FC60}.Debug|Any CPU.ActiveCfg = Debug|Any CPU
		{2E3147C4-11FC-433C-A2C3-66726CB7FC60}.Debug|Any CPU.Build.0 = Debug|Any CPU
		{2E3147C4-11FC-433C-A2C3-66726CB7FC60}.Release|Any CPU.ActiveCfg = Release|Any CPU
		{2E3147C4-11FC-433C-A2C3-66726CB7FC60}.Release|Any CPU.Build.0 = Release|Any CPU
		{1F8797B8-8810-4693-AB99-F844193C4430}.Debug|Any CPU.ActiveCfg = Debug|Any CPU
		{1F8797B8-8810-4693-AB99-F844193C4430}.Debug|Any CPU.Build.0 = Debug|Any CPU
		{1F8797B8-8810-4693-AB99-F844193C4430}.Release|Any CPU.ActiveCfg = Release|Any CPU
		{1F8797B8-8810-4693-AB99-F844193C4430}.Release|Any CPU.Build.0 = Release|Any CPU
		{7101648E-11F9-4E95-95F0-4C7B6016AE16}.Debug|Any CPU.ActiveCfg = Debug|Any CPU
		{7101648E-11F9-4E95-95F0-4C7B6016AE16}.Debug|Any CPU.Build.0 = Debug|Any CPU
		{7101648E-11F9-4E95-95F0-4C7B6016AE16}.Release|Any CPU.ActiveCfg = Release|Any CPU
		{7101648E-11F9-4E95-95F0-4C7B6016AE16}.Release|Any CPU.Build.0 = Release|Any CPU
		{5C4A1269-5237-44CB-A040-26CADDA6BFB7}.Debug|Any CPU.ActiveCfg = Debug|Any CPU
		{5C4A1269-5237-44CB-A040-26CADDA6BFB7}.Debug|Any CPU.Build.0 = Debug|Any CPU
		{5C4A1269-5237-44CB-A040-26CADDA6BFB7}.Release|Any CPU.ActiveCfg = Release|Any CPU
		{5C4A1269-5237-44CB-A040-26CADDA6BFB7}.Release|Any CPU.Build.0 = Release|Any CPU
		{F4F6DA5C-1A28-4249-8544-93467E056EAF}.Debug|Any CPU.ActiveCfg = Debug|Any CPU
		{F4F6DA5C-1A28-4249-8544-93467E056EAF}.Debug|Any CPU.Build.0 = Debug|Any CPU
		{F4F6DA5C-1A28-4249-8544-93467E056EAF}.Release|Any CPU.ActiveCfg = Release|Any CPU
		{F4F6DA5C-1A28-4249-8544-93467E056EAF}.Release|Any CPU.Build.0 = Release|Any CPU
		{5A14D4B3-ACD2-4706-A328-9102D7D11B78}.Debug|Any CPU.ActiveCfg = Debug|Any CPU
		{5A14D4B3-ACD2-4706-A328-9102D7D11B78}.Debug|Any CPU.Build.0 = Debug|Any CPU
		{5A14D4B3-ACD2-4706-A328-9102D7D11B78}.Release|Any CPU.ActiveCfg = Release|Any CPU
		{5A14D4B3-ACD2-4706-A328-9102D7D11B78}.Release|Any CPU.Build.0 = Release|Any CPU
		{5419C048-FAB0-4919-AA7C-DA448AC2774C}.Debug|Any CPU.ActiveCfg = Debug|Any CPU
		{5419C048-FAB0-4919-AA7C-DA448AC2774C}.Debug|Any CPU.Build.0 = Debug|Any CPU
		{5419C048-FAB0-4919-AA7C-DA448AC2774C}.Release|Any CPU.ActiveCfg = Release|Any CPU
		{5419C048-FAB0-4919-AA7C-DA448AC2774C}.Release|Any CPU.Build.0 = Release|Any CPU
		{E1DFB1CF-65D6-450D-AD62-BECDD1EDB3B4}.Debug|Any CPU.ActiveCfg = Debug|Any CPU
		{E1DFB1CF-65D6-450D-AD62-BECDD1EDB3B4}.Debug|Any CPU.Build.0 = Debug|Any CPU
		{E1DFB1CF-65D6-450D-AD62-BECDD1EDB3B4}.Release|Any CPU.ActiveCfg = Release|Any CPU
		{E1DFB1CF-65D6-450D-AD62-BECDD1EDB3B4}.Release|Any CPU.Build.0 = Release|Any CPU
		{B6B69017-2363-4FEE-BBCD-1915DD629735}.Debug|Any CPU.ActiveCfg = Debug|Any CPU
		{B6B69017-2363-4FEE-BBCD-1915DD629735}.Debug|Any CPU.Build.0 = Debug|Any CPU
		{B6B69017-2363-4FEE-BBCD-1915DD629735}.Release|Any CPU.ActiveCfg = Release|Any CPU
		{B6B69017-2363-4FEE-BBCD-1915DD629735}.Release|Any CPU.Build.0 = Release|Any CPU
		{5241AE8E-9DD0-491B-A88C-078EE1C3104A}.Debug|Any CPU.ActiveCfg = Debug|Any CPU
		{5241AE8E-9DD0-491B-A88C-078EE1C3104A}.Debug|Any CPU.Build.0 = Debug|Any CPU
		{5241AE8E-9DD0-491B-A88C-078EE1C3104A}.Release|Any CPU.ActiveCfg = Release|Any CPU
		{5241AE8E-9DD0-491B-A88C-078EE1C3104A}.Release|Any CPU.Build.0 = Release|Any CPU
		{BB02C423-79BD-4AC2-9BDF-82E1B0581FD5}.Debug|Any CPU.ActiveCfg = Debug|Any CPU
		{BB02C423-79BD-4AC2-9BDF-82E1B0581FD5}.Debug|Any CPU.Build.0 = Debug|Any CPU
		{BB02C423-79BD-4AC2-9BDF-82E1B0581FD5}.Release|Any CPU.ActiveCfg = Release|Any CPU
		{BB02C423-79BD-4AC2-9BDF-82E1B0581FD5}.Release|Any CPU.Build.0 = Release|Any CPU
		{6DCCE395-61A7-4561-9D3A-38537427EA34}.Debug|Any CPU.ActiveCfg = Debug|Any CPU
		{6DCCE395-61A7-4561-9D3A-38537427EA34}.Debug|Any CPU.Build.0 = Debug|Any CPU
		{6DCCE395-61A7-4561-9D3A-38537427EA34}.Release|Any CPU.ActiveCfg = Release|Any CPU
		{6DCCE395-61A7-4561-9D3A-38537427EA34}.Release|Any CPU.Build.0 = Release|Any CPU
		{AF3BDDED-DFBA-4893-A640-55E0797E378A}.Debug|Any CPU.ActiveCfg = Debug|Any CPU
		{AF3BDDED-DFBA-4893-A640-55E0797E378A}.Debug|Any CPU.Build.0 = Debug|Any CPU
		{AF3BDDED-DFBA-4893-A640-55E0797E378A}.Release|Any CPU.ActiveCfg = Release|Any CPU
		{AF3BDDED-DFBA-4893-A640-55E0797E378A}.Release|Any CPU.Build.0 = Release|Any CPU
		{E2723562-9B2C-46E0-9A71-8BB7A2027E8F}.Debug|Any CPU.ActiveCfg = Debug|Any CPU
		{E2723562-9B2C-46E0-9A71-8BB7A2027E8F}.Debug|Any CPU.Build.0 = Debug|Any CPU
		{E2723562-9B2C-46E0-9A71-8BB7A2027E8F}.Release|Any CPU.ActiveCfg = Release|Any CPU
		{E2723562-9B2C-46E0-9A71-8BB7A2027E8F}.Release|Any CPU.Build.0 = Release|Any CPU
		{61759695-F67E-41FD-9B66-B549BC1945DC}.Debug|Any CPU.ActiveCfg = Debug|Any CPU
		{61759695-F67E-41FD-9B66-B549BC1945DC}.Debug|Any CPU.Build.0 = Debug|Any CPU
		{61759695-F67E-41FD-9B66-B549BC1945DC}.Release|Any CPU.ActiveCfg = Release|Any CPU
		{61759695-F67E-41FD-9B66-B549BC1945DC}.Release|Any CPU.Build.0 = Release|Any CPU
		{A38C41FE-4EDC-4008-8308-99A88A912AD4}.Debug|Any CPU.ActiveCfg = Debug|Any CPU
		{A38C41FE-4EDC-4008-8308-99A88A912AD4}.Debug|Any CPU.Build.0 = Debug|Any CPU
		{A38C41FE-4EDC-4008-8308-99A88A912AD4}.Release|Any CPU.ActiveCfg = Release|Any CPU
		{A38C41FE-4EDC-4008-8308-99A88A912AD4}.Release|Any CPU.Build.0 = Release|Any CPU
		{492593CE-6B6B-4424-9295-75162EEEA9D8}.Debug|Any CPU.ActiveCfg = Debug|Any CPU
		{492593CE-6B6B-4424-9295-75162EEEA9D8}.Debug|Any CPU.Build.0 = Debug|Any CPU
		{492593CE-6B6B-4424-9295-75162EEEA9D8}.Release|Any CPU.ActiveCfg = Release|Any CPU
		{492593CE-6B6B-4424-9295-75162EEEA9D8}.Release|Any CPU.Build.0 = Release|Any CPU
		{8A4CBB4F-60CC-47AA-85A6-A22907106CBF}.Debug|Any CPU.ActiveCfg = Debug|Any CPU
		{8A4CBB4F-60CC-47AA-85A6-A22907106CBF}.Debug|Any CPU.Build.0 = Debug|Any CPU
		{8A4CBB4F-60CC-47AA-85A6-A22907106CBF}.Release|Any CPU.ActiveCfg = Release|Any CPU
		{8A4CBB4F-60CC-47AA-85A6-A22907106CBF}.Release|Any CPU.Build.0 = Release|Any CPU
		{EC0B8B9D-27BB-4BBA-A065-72A5C29EB4EE}.Debug|Any CPU.ActiveCfg = Debug|Any CPU
		{EC0B8B9D-27BB-4BBA-A065-72A5C29EB4EE}.Debug|Any CPU.Build.0 = Debug|Any CPU
		{EC0B8B9D-27BB-4BBA-A065-72A5C29EB4EE}.Release|Any CPU.ActiveCfg = Release|Any CPU
		{EC0B8B9D-27BB-4BBA-A065-72A5C29EB4EE}.Release|Any CPU.Build.0 = Release|Any CPU
		{BD9F5352-72C7-4DB2-B94E-82C1CA9FB331}.Debug|Any CPU.ActiveCfg = Debug|Any CPU
		{BD9F5352-72C7-4DB2-B94E-82C1CA9FB331}.Debug|Any CPU.Build.0 = Debug|Any CPU
		{BD9F5352-72C7-4DB2-B94E-82C1CA9FB331}.Release|Any CPU.ActiveCfg = Release|Any CPU
		{BD9F5352-72C7-4DB2-B94E-82C1CA9FB331}.Release|Any CPU.Build.0 = Release|Any CPU
		{034A311F-8EF8-49F5-9E0B-705B63B665B3}.Debug|Any CPU.ActiveCfg = Debug|Any CPU
		{034A311F-8EF8-49F5-9E0B-705B63B665B3}.Debug|Any CPU.Build.0 = Debug|Any CPU
		{034A311F-8EF8-49F5-9E0B-705B63B665B3}.Release|Any CPU.ActiveCfg = Release|Any CPU
		{034A311F-8EF8-49F5-9E0B-705B63B665B3}.Release|Any CPU.Build.0 = Release|Any CPU
		{DA8431AD-5CE4-493A-B462-5F8DFE462D55}.Debug|Any CPU.ActiveCfg = Debug|Any CPU
		{DA8431AD-5CE4-493A-B462-5F8DFE462D55}.Debug|Any CPU.Build.0 = Debug|Any CPU
		{DA8431AD-5CE4-493A-B462-5F8DFE462D55}.Release|Any CPU.ActiveCfg = Release|Any CPU
		{DA8431AD-5CE4-493A-B462-5F8DFE462D55}.Release|Any CPU.Build.0 = Release|Any CPU
		{5C937C8C-4165-4F29-AC72-907375D3B8BE}.Debug|Any CPU.ActiveCfg = Debug|Any CPU
		{5C937C8C-4165-4F29-AC72-907375D3B8BE}.Debug|Any CPU.Build.0 = Debug|Any CPU
		{5C937C8C-4165-4F29-AC72-907375D3B8BE}.Release|Any CPU.ActiveCfg = Release|Any CPU
		{5C937C8C-4165-4F29-AC72-907375D3B8BE}.Release|Any CPU.Build.0 = Release|Any CPU
		{83FD3269-B0E4-4C5B-A1DE-2C5CA565D786}.Debug|Any CPU.ActiveCfg = Debug|Any CPU
		{83FD3269-B0E4-4C5B-A1DE-2C5CA565D786}.Debug|Any CPU.Build.0 = Debug|Any CPU
		{83FD3269-B0E4-4C5B-A1DE-2C5CA565D786}.Release|Any CPU.ActiveCfg = Release|Any CPU
		{83FD3269-B0E4-4C5B-A1DE-2C5CA565D786}.Release|Any CPU.Build.0 = Release|Any CPU
		{BDC57643-7B11-49B6-8DED-53F38B4DE2AC}.Debug|Any CPU.ActiveCfg = Debug|Any CPU
		{BDC57643-7B11-49B6-8DED-53F38B4DE2AC}.Debug|Any CPU.Build.0 = Debug|Any CPU
		{BDC57643-7B11-49B6-8DED-53F38B4DE2AC}.Release|Any CPU.ActiveCfg = Release|Any CPU
		{BDC57643-7B11-49B6-8DED-53F38B4DE2AC}.Release|Any CPU.Build.0 = Release|Any CPU
		{2AF892BF-FB4E-4C61-906F-C0C7EB0AB87B}.Debug|Any CPU.ActiveCfg = Debug|Any CPU
		{2AF892BF-FB4E-4C61-906F-C0C7EB0AB87B}.Debug|Any CPU.Build.0 = Debug|Any CPU
		{2AF892BF-FB4E-4C61-906F-C0C7EB0AB87B}.Release|Any CPU.ActiveCfg = Release|Any CPU
		{2AF892BF-FB4E-4C61-906F-C0C7EB0AB87B}.Release|Any CPU.Build.0 = Release|Any CPU
		{CB2FF63B-D28C-49A9-8FBD-CB5C59ADD02E}.Debug|Any CPU.ActiveCfg = Debug|Any CPU
		{CB2FF63B-D28C-49A9-8FBD-CB5C59ADD02E}.Debug|Any CPU.Build.0 = Debug|Any CPU
		{CB2FF63B-D28C-49A9-8FBD-CB5C59ADD02E}.Release|Any CPU.ActiveCfg = Release|Any CPU
		{CB2FF63B-D28C-49A9-8FBD-CB5C59ADD02E}.Release|Any CPU.Build.0 = Release|Any CPU
		{11AAC9F2-ABE4-4760-AC30-FE02833C5E00}.Debug|Any CPU.ActiveCfg = Debug|Any CPU
		{11AAC9F2-ABE4-4760-AC30-FE02833C5E00}.Debug|Any CPU.Build.0 = Debug|Any CPU
		{11AAC9F2-ABE4-4760-AC30-FE02833C5E00}.Release|Any CPU.ActiveCfg = Release|Any CPU
		{11AAC9F2-ABE4-4760-AC30-FE02833C5E00}.Release|Any CPU.Build.0 = Release|Any CPU
		{EE11E22A-4DEE-4469-B3CA-D1B196F544A2}.Debug|Any CPU.ActiveCfg = Debug|Any CPU
		{EE11E22A-4DEE-4469-B3CA-D1B196F544A2}.Debug|Any CPU.Build.0 = Debug|Any CPU
		{EE11E22A-4DEE-4469-B3CA-D1B196F544A2}.Release|Any CPU.ActiveCfg = Release|Any CPU
		{EE11E22A-4DEE-4469-B3CA-D1B196F544A2}.Release|Any CPU.Build.0 = Release|Any CPU
		{48AEF3A3-315D-4673-B02B-C5F888DEF6FA}.Debug|Any CPU.ActiveCfg = Debug|Any CPU
		{48AEF3A3-315D-4673-B02B-C5F888DEF6FA}.Debug|Any CPU.Build.0 = Debug|Any CPU
		{48AEF3A3-315D-4673-B02B-C5F888DEF6FA}.Release|Any CPU.ActiveCfg = Release|Any CPU
		{48AEF3A3-315D-4673-B02B-C5F888DEF6FA}.Release|Any CPU.Build.0 = Release|Any CPU
		{EAE92911-ED04-4740-9A3D-8B1D658B4D02}.Debug|Any CPU.ActiveCfg = Debug|Any CPU
		{EAE92911-ED04-4740-9A3D-8B1D658B4D02}.Debug|Any CPU.Build.0 = Debug|Any CPU
		{EAE92911-ED04-4740-9A3D-8B1D658B4D02}.Release|Any CPU.ActiveCfg = Release|Any CPU
		{EAE92911-ED04-4740-9A3D-8B1D658B4D02}.Release|Any CPU.Build.0 = Release|Any CPU
		{0006298B-5ECC-4409-93DD-E317AEE02232}.Debug|Any CPU.ActiveCfg = Debug|Any CPU
		{0006298B-5ECC-4409-93DD-E317AEE02232}.Debug|Any CPU.Build.0 = Debug|Any CPU
		{0006298B-5ECC-4409-93DD-E317AEE02232}.Release|Any CPU.ActiveCfg = Release|Any CPU
		{0006298B-5ECC-4409-93DD-E317AEE02232}.Release|Any CPU.Build.0 = Release|Any CPU
		{8B930DE8-B098-4A70-977F-A653AC7A914A}.Debug|Any CPU.ActiveCfg = Debug|Any CPU
		{8B930DE8-B098-4A70-977F-A653AC7A914A}.Debug|Any CPU.Build.0 = Debug|Any CPU
		{8B930DE8-B098-4A70-977F-A653AC7A914A}.Release|Any CPU.ActiveCfg = Release|Any CPU
		{8B930DE8-B098-4A70-977F-A653AC7A914A}.Release|Any CPU.Build.0 = Release|Any CPU
		{13973F59-4F5C-4746-80D8-1356BF410445}.Debug|Any CPU.ActiveCfg = Debug|Any CPU
		{13973F59-4F5C-4746-80D8-1356BF410445}.Debug|Any CPU.Build.0 = Debug|Any CPU
		{13973F59-4F5C-4746-80D8-1356BF410445}.Release|Any CPU.ActiveCfg = Release|Any CPU
		{13973F59-4F5C-4746-80D8-1356BF410445}.Release|Any CPU.Build.0 = Release|Any CPU
		{22D3684C-2547-4469-A817-FB1F13D41518}.Debug|Any CPU.ActiveCfg = Debug|Any CPU
		{22D3684C-2547-4469-A817-FB1F13D41518}.Debug|Any CPU.Build.0 = Debug|Any CPU
		{22D3684C-2547-4469-A817-FB1F13D41518}.Release|Any CPU.ActiveCfg = Release|Any CPU
		{22D3684C-2547-4469-A817-FB1F13D41518}.Release|Any CPU.Build.0 = Release|Any CPU
		{2A7BDD8A-04B1-4E03-B5E3-B82EEE46535E}.Debug|Any CPU.ActiveCfg = Debug|Any CPU
		{2A7BDD8A-04B1-4E03-B5E3-B82EEE46535E}.Debug|Any CPU.Build.0 = Debug|Any CPU
		{2A7BDD8A-04B1-4E03-B5E3-B82EEE46535E}.Release|Any CPU.ActiveCfg = Release|Any CPU
		{2A7BDD8A-04B1-4E03-B5E3-B82EEE46535E}.Release|Any CPU.Build.0 = Release|Any CPU
		{37142272-0BF4-4243-A51C-3E760F562EE2}.Debug|Any CPU.ActiveCfg = Debug|Any CPU
		{37142272-0BF4-4243-A51C-3E760F562EE2}.Debug|Any CPU.Build.0 = Debug|Any CPU
		{37142272-0BF4-4243-A51C-3E760F562EE2}.Release|Any CPU.ActiveCfg = Release|Any CPU
		{37142272-0BF4-4243-A51C-3E760F562EE2}.Release|Any CPU.Build.0 = Release|Any CPU
		{46549400-330C-46A4-BF38-71D1501F8A69}.Debug|Any CPU.ActiveCfg = Debug|Any CPU
		{46549400-330C-46A4-BF38-71D1501F8A69}.Debug|Any CPU.Build.0 = Debug|Any CPU
		{46549400-330C-46A4-BF38-71D1501F8A69}.Release|Any CPU.ActiveCfg = Release|Any CPU
		{46549400-330C-46A4-BF38-71D1501F8A69}.Release|Any CPU.Build.0 = Release|Any CPU
		{CF5DCE6A-8BF7-43A4-9502-55919ADCF1EF}.Debug|Any CPU.ActiveCfg = Debug|Any CPU
		{CF5DCE6A-8BF7-43A4-9502-55919ADCF1EF}.Debug|Any CPU.Build.0 = Debug|Any CPU
		{CF5DCE6A-8BF7-43A4-9502-55919ADCF1EF}.Release|Any CPU.ActiveCfg = Release|Any CPU
		{CF5DCE6A-8BF7-43A4-9502-55919ADCF1EF}.Release|Any CPU.Build.0 = Release|Any CPU
		{036FAE10-AB34-42E7-899D-BF89C4F32609}.Debug|Any CPU.ActiveCfg = Debug|Any CPU
		{036FAE10-AB34-42E7-899D-BF89C4F32609}.Debug|Any CPU.Build.0 = Debug|Any CPU
		{036FAE10-AB34-42E7-899D-BF89C4F32609}.Release|Any CPU.ActiveCfg = Release|Any CPU
		{036FAE10-AB34-42E7-899D-BF89C4F32609}.Release|Any CPU.Build.0 = Release|Any CPU
		{785C00DE-4260-4464-9D40-216A3E2079EC}.Debug|Any CPU.ActiveCfg = Debug|Any CPU
		{785C00DE-4260-4464-9D40-216A3E2079EC}.Debug|Any CPU.Build.0 = Debug|Any CPU
		{785C00DE-4260-4464-9D40-216A3E2079EC}.Release|Any CPU.ActiveCfg = Release|Any CPU
		{785C00DE-4260-4464-9D40-216A3E2079EC}.Release|Any CPU.Build.0 = Release|Any CPU
		{14457358-3A40-45B4-9280-768DCE982CCF}.Debug|Any CPU.ActiveCfg = Debug|Any CPU
		{14457358-3A40-45B4-9280-768DCE982CCF}.Debug|Any CPU.Build.0 = Debug|Any CPU
		{14457358-3A40-45B4-9280-768DCE982CCF}.Release|Any CPU.ActiveCfg = Release|Any CPU
		{14457358-3A40-45B4-9280-768DCE982CCF}.Release|Any CPU.Build.0 = Release|Any CPU
		{967833E7-E8AB-45A6-AE8C-B8929F86883F}.Debug|Any CPU.ActiveCfg = Debug|Any CPU
		{967833E7-E8AB-45A6-AE8C-B8929F86883F}.Debug|Any CPU.Build.0 = Debug|Any CPU
		{967833E7-E8AB-45A6-AE8C-B8929F86883F}.Release|Any CPU.ActiveCfg = Release|Any CPU
		{967833E7-E8AB-45A6-AE8C-B8929F86883F}.Release|Any CPU.Build.0 = Release|Any CPU
		{EECA2FB7-FAA3-4B58-B58C-389693744D83}.Debug|Any CPU.ActiveCfg = Debug|Any CPU
		{EECA2FB7-FAA3-4B58-B58C-389693744D83}.Debug|Any CPU.Build.0 = Debug|Any CPU
		{EECA2FB7-FAA3-4B58-B58C-389693744D83}.Release|Any CPU.ActiveCfg = Release|Any CPU
		{EECA2FB7-FAA3-4B58-B58C-389693744D83}.Release|Any CPU.Build.0 = Release|Any CPU
		{C8381D67-E425-4784-B182-D52B5AA91CDD}.Debug|Any CPU.ActiveCfg = Debug|Any CPU
		{C8381D67-E425-4784-B182-D52B5AA91CDD}.Debug|Any CPU.Build.0 = Debug|Any CPU
		{C8381D67-E425-4784-B182-D52B5AA91CDD}.Release|Any CPU.ActiveCfg = Release|Any CPU
		{C8381D67-E425-4784-B182-D52B5AA91CDD}.Release|Any CPU.Build.0 = Release|Any CPU
		{33C0E793-92C8-4F78-8B14-927DE4C5ABC5}.Debug|Any CPU.ActiveCfg = Debug|Any CPU
		{33C0E793-92C8-4F78-8B14-927DE4C5ABC5}.Debug|Any CPU.Build.0 = Debug|Any CPU
		{33C0E793-92C8-4F78-8B14-927DE4C5ABC5}.Release|Any CPU.ActiveCfg = Release|Any CPU
		{33C0E793-92C8-4F78-8B14-927DE4C5ABC5}.Release|Any CPU.Build.0 = Release|Any CPU
		{B3F06F9B-13F3-4BBE-B564-8610B27C606C}.Debug|Any CPU.ActiveCfg = Debug|Any CPU
		{B3F06F9B-13F3-4BBE-B564-8610B27C606C}.Debug|Any CPU.Build.0 = Debug|Any CPU
		{B3F06F9B-13F3-4BBE-B564-8610B27C606C}.Release|Any CPU.ActiveCfg = Release|Any CPU
		{B3F06F9B-13F3-4BBE-B564-8610B27C606C}.Release|Any CPU.Build.0 = Release|Any CPU
		{6AE37994-AB4E-4BCE-9356-9DA6D5FD360E}.Debug|Any CPU.ActiveCfg = Debug|Any CPU
		{6AE37994-AB4E-4BCE-9356-9DA6D5FD360E}.Debug|Any CPU.Build.0 = Debug|Any CPU
		{6AE37994-AB4E-4BCE-9356-9DA6D5FD360E}.Release|Any CPU.ActiveCfg = Release|Any CPU
		{6AE37994-AB4E-4BCE-9356-9DA6D5FD360E}.Release|Any CPU.Build.0 = Release|Any CPU
		{AB7176AA-5218-4E73-B057-62018BA59A14}.Debug|Any CPU.ActiveCfg = Debug|Any CPU
		{AB7176AA-5218-4E73-B057-62018BA59A14}.Debug|Any CPU.Build.0 = Debug|Any CPU
		{AB7176AA-5218-4E73-B057-62018BA59A14}.Release|Any CPU.ActiveCfg = Release|Any CPU
		{AB7176AA-5218-4E73-B057-62018BA59A14}.Release|Any CPU.Build.0 = Release|Any CPU
		{A057E9DE-F484-4667-B836-BE4295EA4546}.Debug|Any CPU.ActiveCfg = Debug|Any CPU
		{A057E9DE-F484-4667-B836-BE4295EA4546}.Debug|Any CPU.Build.0 = Debug|Any CPU
		{A057E9DE-F484-4667-B836-BE4295EA4546}.Release|Any CPU.ActiveCfg = Release|Any CPU
		{A057E9DE-F484-4667-B836-BE4295EA4546}.Release|Any CPU.Build.0 = Release|Any CPU
		{5006B1B6-0EF3-4833-BFC3-F21B68A4F4B8}.Debug|Any CPU.ActiveCfg = Debug|Any CPU
		{5006B1B6-0EF3-4833-BFC3-F21B68A4F4B8}.Debug|Any CPU.Build.0 = Debug|Any CPU
		{5006B1B6-0EF3-4833-BFC3-F21B68A4F4B8}.Release|Any CPU.ActiveCfg = Release|Any CPU
		{5006B1B6-0EF3-4833-BFC3-F21B68A4F4B8}.Release|Any CPU.Build.0 = Release|Any CPU
		{5CB3D131-D55C-4C50-91AC-EDBA2C669724}.Debug|Any CPU.ActiveCfg = Debug|Any CPU
		{5CB3D131-D55C-4C50-91AC-EDBA2C669724}.Debug|Any CPU.Build.0 = Debug|Any CPU
		{5CB3D131-D55C-4C50-91AC-EDBA2C669724}.Release|Any CPU.ActiveCfg = Release|Any CPU
		{5CB3D131-D55C-4C50-91AC-EDBA2C669724}.Release|Any CPU.Build.0 = Release|Any CPU
		{12B6A4F6-985C-4BEF-9255-9E1290433A61}.Debug|Any CPU.ActiveCfg = Debug|Any CPU
		{12B6A4F6-985C-4BEF-9255-9E1290433A61}.Debug|Any CPU.Build.0 = Debug|Any CPU
		{12B6A4F6-985C-4BEF-9255-9E1290433A61}.Release|Any CPU.ActiveCfg = Release|Any CPU
		{12B6A4F6-985C-4BEF-9255-9E1290433A61}.Release|Any CPU.Build.0 = Release|Any CPU
		{405227C4-AF5A-4855-BDBC-A08C556B67A9}.Debug|Any CPU.ActiveCfg = Debug|Any CPU
		{405227C4-AF5A-4855-BDBC-A08C556B67A9}.Debug|Any CPU.Build.0 = Debug|Any CPU
		{405227C4-AF5A-4855-BDBC-A08C556B67A9}.Release|Any CPU.ActiveCfg = Release|Any CPU
		{405227C4-AF5A-4855-BDBC-A08C556B67A9}.Release|Any CPU.Build.0 = Release|Any CPU
		{AB561475-BD89-4815-911F-78E0CD74E2BD}.Debug|Any CPU.ActiveCfg = Debug|Any CPU
		{AB561475-BD89-4815-911F-78E0CD74E2BD}.Debug|Any CPU.Build.0 = Debug|Any CPU
		{AB561475-BD89-4815-911F-78E0CD74E2BD}.Release|Any CPU.ActiveCfg = Release|Any CPU
		{AB561475-BD89-4815-911F-78E0CD74E2BD}.Release|Any CPU.Build.0 = Release|Any CPU
		{DC5A3E6B-CD6D-4B19-A10C-F4BAE6761D00}.Debug|Any CPU.ActiveCfg = Debug|Any CPU
		{DC5A3E6B-CD6D-4B19-A10C-F4BAE6761D00}.Debug|Any CPU.Build.0 = Debug|Any CPU
		{DC5A3E6B-CD6D-4B19-A10C-F4BAE6761D00}.Release|Any CPU.ActiveCfg = Release|Any CPU
		{DC5A3E6B-CD6D-4B19-A10C-F4BAE6761D00}.Release|Any CPU.Build.0 = Release|Any CPU
	EndGlobalSection
	GlobalSection(SolutionProperties) = preSolution
		HideSolutionNode = FALSE
	EndGlobalSection
	GlobalSection(NestedProjects) = preSolution
		{B3C6C019-3176-44A9-B82D-232CEB646249} = {C03B38D4-1531-46F0-8925-60DEDAD85BA7}
		{0FA28FB8-0F6F-4C4C-971E-33A50F32A3E1} = {B3C6C019-3176-44A9-B82D-232CEB646249}
		{94FE802C-A5B3-43FA-A166-5439849D309B} = {B3C6C019-3176-44A9-B82D-232CEB646249}
		{7324A609-E083-4B67-952A-B65A5C4EDB41} = {B3C6C019-3176-44A9-B82D-232CEB646249}
		{E3FD903D-EBCD-4B18-8660-4636EE9F371A} = {B3C6C019-3176-44A9-B82D-232CEB646249}
		{B8989311-837B-4EB2-90D4-67D3A439DD1D} = {B3C6C019-3176-44A9-B82D-232CEB646249}
		{158B3547-FA90-462C-A522-42A90947E85B} = {B3C6C019-3176-44A9-B82D-232CEB646249}
		{1453125E-85E4-483D-BDDC-923695335672} = {B3C6C019-3176-44A9-B82D-232CEB646249}
		{BA3313D9-741E-413F-A57F-06C53250B8DD} = {C03B38D4-1531-46F0-8925-60DEDAD85BA7}
		{A9D39251-D71A-4CB8-90A9-1B93F12A1E9A} = {BA3313D9-741E-413F-A57F-06C53250B8DD}
		{F2513F56-91DB-49A7-A163-234BE3900E78} = {BA3313D9-741E-413F-A57F-06C53250B8DD}
		{C5478017-D24E-4FFB-905F-40C0BC6FCD37} = {BA3313D9-741E-413F-A57F-06C53250B8DD}
		{02195ABB-E004-4C58-B3A6-B31B8E29EB63} = {BA3313D9-741E-413F-A57F-06C53250B8DD}
		{993E2C1A-FED3-456F-AB71-DD006FF1DC93} = {BA3313D9-741E-413F-A57F-06C53250B8DD}
		{41829FD1-68E0-48E0-A79C-C5A711FF89B4} = {C03B38D4-1531-46F0-8925-60DEDAD85BA7}
		{8D546105-BD5E-49AE-9C7B-2AA669DC3E01} = {41829FD1-68E0-48E0-A79C-C5A711FF89B4}
		{4F2DD809-CD5B-4824-ABBB-D28A0F0D86A6} = {41829FD1-68E0-48E0-A79C-C5A711FF89B4}
		{27E8BB55-D4EE-4846-990C-69274813AD70} = {41829FD1-68E0-48E0-A79C-C5A711FF89B4}
		{4B192C0E-332C-4114-94B7-3BEEE32F02DB} = {41829FD1-68E0-48E0-A79C-C5A711FF89B4}
		{55BB1CF0-60E5-4D0D-A12A-3DEBB8C2C4EA} = {41829FD1-68E0-48E0-A79C-C5A711FF89B4}
		{2B9C3AC2-5E20-418E-85B6-D96E1C4F5D85} = {C03B38D4-1531-46F0-8925-60DEDAD85BA7}
		{EFA76015-EA70-4ED3-924B-F6F26D3C12BB} = {2B9C3AC2-5E20-418E-85B6-D96E1C4F5D85}
		{D865CFD3-195B-464B-8CDC-B4008B3C5FD2} = {2B9C3AC2-5E20-418E-85B6-D96E1C4F5D85}
		{6C915616-86DA-4BE4-8E10-1A0B266C12EF} = {2B9C3AC2-5E20-418E-85B6-D96E1C4F5D85}
		{0EABC609-92C1-4206-A71E-811052AD8AF9} = {2B9C3AC2-5E20-418E-85B6-D96E1C4F5D85}
		{7326F366-B461-4330-8CDB-1A52512F8860} = {2B9C3AC2-5E20-418E-85B6-D96E1C4F5D85}
		{5ACCE447-87BD-4D54-A255-9AD6F73D3D43} = {2B9C3AC2-5E20-418E-85B6-D96E1C4F5D85}
		{BF597669-B1A2-4E42-96EB-60861D711BF7} = {2B9C3AC2-5E20-418E-85B6-D96E1C4F5D85}
		{369729C8-7AA8-43D5-8343-4FCF7987ED1F} = {2B9C3AC2-5E20-418E-85B6-D96E1C4F5D85}
		{DBF577B2-4F11-4D6C-B2C6-AF3020DB2160} = {2B9C3AC2-5E20-418E-85B6-D96E1C4F5D85}
		{30BEFFD3-79CC-4FF8-AC14-5BB7436679A7} = {2B9C3AC2-5E20-418E-85B6-D96E1C4F5D85}
		{5520D3BE-DCD9-4350-8863-B1CC068247B3} = {2B9C3AC2-5E20-418E-85B6-D96E1C4F5D85}
		{F961934A-FE0A-4B44-9256-8F41BB93D52F} = {2B9C3AC2-5E20-418E-85B6-D96E1C4F5D85}
		{DFE01A7B-55F9-44E6-A9FA-AD7EFC7908C6} = {2B9C3AC2-5E20-418E-85B6-D96E1C4F5D85}
		{896DAC1E-AE73-4614-896E-35DF20862D4D} = {2B9C3AC2-5E20-418E-85B6-D96E1C4F5D85}
		{E5A804E3-7EC3-4E9D-9BB7-9943FD9717D4} = {2B9C3AC2-5E20-418E-85B6-D96E1C4F5D85}
		{B3CA5441-1B59-427A-9356-F08D42743E42} = {2B9C3AC2-5E20-418E-85B6-D96E1C4F5D85}
		{AFBA1DBF-C1C3-4DB0-A79E-09A3B722AB57} = {2B9C3AC2-5E20-418E-85B6-D96E1C4F5D85}
		{EC7F2D15-7F60-4239-816B-1DBFBE65970A} = {2B9C3AC2-5E20-418E-85B6-D96E1C4F5D85}
		{5BB21F34-3419-4FBF-8856-49023733F55F} = {2B9C3AC2-5E20-418E-85B6-D96E1C4F5D85}
		{2D6564CC-219B-4BD7-ACDE-B1BE3DFCD806} = {C03B38D4-1531-46F0-8925-60DEDAD85BA7}
		{5455FBC3-E719-41B3-A209-D67F9DD8D93A} = {A2595A03-F2EB-4FB7-952B-F94CDD23CAF5}
		{83D1383F-7412-467C-9FA2-5A3035EC9402} = {5455FBC3-E719-41B3-A209-D67F9DD8D93A}
		{63678F0E-003E-4075-8646-028D6050F792} = {5455FBC3-E719-41B3-A209-D67F9DD8D93A}
		{1155352E-4B92-4F64-8FA9-45B1C5651B2C} = {B3C6C019-3176-44A9-B82D-232CEB646249}
		{D5894776-7AD6-49E6-93AF-5441009CDBB9} = {B3C6C019-3176-44A9-B82D-232CEB646249}
		{7D00C66E-046B-4F81-B17B-2FC787993627} = {B3C6C019-3176-44A9-B82D-232CEB646249}
		{9AF01367-6FC9-4096-AAFD-6C385EFC17BE} = {B3C6C019-3176-44A9-B82D-232CEB646249}
		{EEE3A894-8483-42F9-98E3-CF4F9863E6FB} = {C03B38D4-1531-46F0-8925-60DEDAD85BA7}
		{D176FF1B-7EE0-400D-997D-340E128BD6C1} = {EEE3A894-8483-42F9-98E3-CF4F9863E6FB}
		{D53D9F61-0342-4DF8-9B11-DF6D73DF49BF} = {EEE3A894-8483-42F9-98E3-CF4F9863E6FB}
		{CF9BBA79-A629-47AC-B4F5-8855173C2A45} = {EEE3A894-8483-42F9-98E3-CF4F9863E6FB}
		{21CD7770-F68F-4270-B866-7D6A2C000D48} = {C03B38D4-1531-46F0-8925-60DEDAD85BA7}
		{8D5C745C-E9DC-47CE-841C-15DBA39CEA85} = {21CD7770-F68F-4270-B866-7D6A2C000D48}
		{4A2FF6CD-69C1-48FD-8598-89630F4CDBE0} = {E7CD56A5-A60E-48ED-B8A7-A0398F7B028B}
		{9823936D-1EF5-41EA-868D-848322711AC0} = {E7CD56A5-A60E-48ED-B8A7-A0398F7B028B}
		{E7CD56A5-A60E-48ED-B8A7-A0398F7B028B} = {21CD7770-F68F-4270-B866-7D6A2C000D48}
		{E33DDEE8-9032-49E9-9248-5243E4D438B7} = {21CD7770-F68F-4270-B866-7D6A2C000D48}
		{EA789EB9-6B49-49E8-9B01-332EFC74EB2D} = {21CD7770-F68F-4270-B866-7D6A2C000D48}
		{62F5CF2A-D189-4F7C-AB5D-B0944B2A1873} = {EA789EB9-6B49-49E8-9B01-332EFC74EB2D}
		{26D87E8D-407F-4535-888B-38E9C25F7979} = {EA789EB9-6B49-49E8-9B01-332EFC74EB2D}
		{A9F2B7F9-0289-4F75-A108-2B4353743A7D} = {21CD7770-F68F-4270-B866-7D6A2C000D48}
		{2E3147C4-11FC-433C-A2C3-66726CB7FC60} = {A9F2B7F9-0289-4F75-A108-2B4353743A7D}
		{1F8797B8-8810-4693-AB99-F844193C4430} = {A9F2B7F9-0289-4F75-A108-2B4353743A7D}
		{7FA154A1-A05C-4A60-B947-D2C38A603F3F} = {21CD7770-F68F-4270-B866-7D6A2C000D48}
		{7101648E-11F9-4E95-95F0-4C7B6016AE16} = {7FA154A1-A05C-4A60-B947-D2C38A603F3F}
		{5C4A1269-5237-44CB-A040-26CADDA6BFB7} = {7FA154A1-A05C-4A60-B947-D2C38A603F3F}
		{737570CB-3745-40E9-B36C-E077DD0085D1} = {21CD7770-F68F-4270-B866-7D6A2C000D48}
		{F4F6DA5C-1A28-4249-8544-93467E056EAF} = {737570CB-3745-40E9-B36C-E077DD0085D1}
		{A7A71F33-C2A8-4D9B-B1AE-66B2978BCF5E} = {21CD7770-F68F-4270-B866-7D6A2C000D48}
		{5A14D4B3-ACD2-4706-A328-9102D7D11B78} = {A7A71F33-C2A8-4D9B-B1AE-66B2978BCF5E}
		{0D08BF24-00FE-45BC-86C8-83850BABB7EA} = {21CD7770-F68F-4270-B866-7D6A2C000D48}
		{5419C048-FAB0-4919-AA7C-DA448AC2774C} = {0D08BF24-00FE-45BC-86C8-83850BABB7EA}
		{EC284D7B-F7F7-44E8-8A5C-7327B995C5E1} = {21CD7770-F68F-4270-B866-7D6A2C000D48}
		{E1DFB1CF-65D6-450D-AD62-BECDD1EDB3B4} = {EC284D7B-F7F7-44E8-8A5C-7327B995C5E1}
		{4056C363-0FBE-4CEC-BBAC-26B803366749} = {21CD7770-F68F-4270-B866-7D6A2C000D48}
		{B6B69017-2363-4FEE-BBCD-1915DD629735} = {4056C363-0FBE-4CEC-BBAC-26B803366749}
		{9E246CEF-B72C-4AA2-8E9A-978E98A42D45} = {21CD7770-F68F-4270-B866-7D6A2C000D48}
		{5241AE8E-9DD0-491B-A88C-078EE1C3104A} = {9E246CEF-B72C-4AA2-8E9A-978E98A42D45}
		{BB02C423-79BD-4AC2-9BDF-82E1B0581FD5} = {9E246CEF-B72C-4AA2-8E9A-978E98A42D45}
		{A2989574-9CA7-4890-A0C3-05AA238DD535} = {21CD7770-F68F-4270-B866-7D6A2C000D48}
		{6DCCE395-61A7-4561-9D3A-38537427EA34} = {A2989574-9CA7-4890-A0C3-05AA238DD535}
		{AF3BDDED-DFBA-4893-A640-55E0797E378A} = {A2989574-9CA7-4890-A0C3-05AA238DD535}
		{1E005404-1F15-456F-8FCF-A1BC9C7AB2BA} = {C03B38D4-1531-46F0-8925-60DEDAD85BA7}
		{91B03208-2E69-41CB-A059-F8DE61C31CB2} = {1E005404-1F15-456F-8FCF-A1BC9C7AB2BA}
		{E2723562-9B2C-46E0-9A71-8BB7A2027E8F} = {91B03208-2E69-41CB-A059-F8DE61C31CB2}
		{37450AFB-1A84-4288-9FE8-12CD8AD42051} = {C03B38D4-1531-46F0-8925-60DEDAD85BA7}
		{61759695-F67E-41FD-9B66-B549BC1945DC} = {37450AFB-1A84-4288-9FE8-12CD8AD42051}
		{A38C41FE-4EDC-4008-8308-99A88A912AD4} = {37450AFB-1A84-4288-9FE8-12CD8AD42051}
		{492593CE-6B6B-4424-9295-75162EEEA9D8} = {37450AFB-1A84-4288-9FE8-12CD8AD42051}
		{3D9F3FD4-ECCC-4876-BB8D-83A7C5C01FBF} = {C03B38D4-1531-46F0-8925-60DEDAD85BA7}
		{8A4CBB4F-60CC-47AA-85A6-A22907106CBF} = {3D9F3FD4-ECCC-4876-BB8D-83A7C5C01FBF}
		{EC0B8B9D-27BB-4BBA-A065-72A5C29EB4EE} = {3D9F3FD4-ECCC-4876-BB8D-83A7C5C01FBF}
		{BD9F5352-72C7-4DB2-B94E-82C1CA9FB331} = {E2C83AB0-4221-4508-9C99-22E20257F764}
		{034A311F-8EF8-49F5-9E0B-705B63B665B3} = {E2C83AB0-4221-4508-9C99-22E20257F764}
		{DA8431AD-5CE4-493A-B462-5F8DFE462D55} = {E2C83AB0-4221-4508-9C99-22E20257F764}
		{5C937C8C-4165-4F29-AC72-907375D3B8BE} = {E2C83AB0-4221-4508-9C99-22E20257F764}
		{83FD3269-B0E4-4C5B-A1DE-2C5CA565D786} = {E2C83AB0-4221-4508-9C99-22E20257F764}
		{BDC57643-7B11-49B6-8DED-53F38B4DE2AC} = {E2C83AB0-4221-4508-9C99-22E20257F764}
		{BB8A9486-80A0-4E9A-8016-7019650029A0} = {E2C83AB0-4221-4508-9C99-22E20257F764}
		{2AF892BF-FB4E-4C61-906F-C0C7EB0AB87B} = {BB8A9486-80A0-4E9A-8016-7019650029A0}
		{CB2FF63B-D28C-49A9-8FBD-CB5C59ADD02E} = {BB8A9486-80A0-4E9A-8016-7019650029A0}
		{11AAC9F2-ABE4-4760-AC30-FE02833C5E00} = {BB8A9486-80A0-4E9A-8016-7019650029A0}
		{EE11E22A-4DEE-4469-B3CA-D1B196F544A2} = {BB8A9486-80A0-4E9A-8016-7019650029A0}
		{48AEF3A3-315D-4673-B02B-C5F888DEF6FA} = {BB8A9486-80A0-4E9A-8016-7019650029A0}
		{EAE92911-ED04-4740-9A3D-8B1D658B4D02} = {BB8A9486-80A0-4E9A-8016-7019650029A0}
		{0006298B-5ECC-4409-93DD-E317AEE02232} = {BB8A9486-80A0-4E9A-8016-7019650029A0}
		{8B930DE8-B098-4A70-977F-A653AC7A914A} = {BB8A9486-80A0-4E9A-8016-7019650029A0}
		{13973F59-4F5C-4746-80D8-1356BF410445} = {BB8A9486-80A0-4E9A-8016-7019650029A0}
		{22D3684C-2547-4469-A817-FB1F13D41518} = {BB8A9486-80A0-4E9A-8016-7019650029A0}
		{9FE16FE2-47F6-46DF-85E6-3CB203C33F23} = {E2C83AB0-4221-4508-9C99-22E20257F764}
		{2A7BDD8A-04B1-4E03-B5E3-B82EEE46535E} = {9FE16FE2-47F6-46DF-85E6-3CB203C33F23}
		{37142272-0BF4-4243-A51C-3E760F562EE2} = {9FE16FE2-47F6-46DF-85E6-3CB203C33F23}
		{C9CB501A-258A-4B82-B27D-BF9BA81B54E7} = {E2C83AB0-4221-4508-9C99-22E20257F764}
		{46549400-330C-46A4-BF38-71D1501F8A69} = {C9CB501A-258A-4B82-B27D-BF9BA81B54E7}
		{CF5DCE6A-8BF7-43A4-9502-55919ADCF1EF} = {C9CB501A-258A-4B82-B27D-BF9BA81B54E7}
		{036FAE10-AB34-42E7-899D-BF89C4F32609} = {C9CB501A-258A-4B82-B27D-BF9BA81B54E7}
		{785C00DE-4260-4464-9D40-216A3E2079EC} = {49739168-7E48-4CF2-9DFE-BF2BCDB2615F}
		{49739168-7E48-4CF2-9DFE-BF2BCDB2615F} = {E2C83AB0-4221-4508-9C99-22E20257F764}
		{14457358-3A40-45B4-9280-768DCE982CCF} = {49739168-7E48-4CF2-9DFE-BF2BCDB2615F}
		{967833E7-E8AB-45A6-AE8C-B8929F86883F} = {49739168-7E48-4CF2-9DFE-BF2BCDB2615F}
		{DB964084-EDC4-4108-AF32-79CF95B0DBBB} = {E2C83AB0-4221-4508-9C99-22E20257F764}
		{EECA2FB7-FAA3-4B58-B58C-389693744D83} = {DB964084-EDC4-4108-AF32-79CF95B0DBBB}
		{BFF38B2C-F1BB-4D9E-A54C-4DEFF436E544} = {E2C83AB0-4221-4508-9C99-22E20257F764}
		{C8381D67-E425-4784-B182-D52B5AA91CDD} = {BFF38B2C-F1BB-4D9E-A54C-4DEFF436E544}
		{33C0E793-92C8-4F78-8B14-927DE4C5ABC5} = {BFF38B2C-F1BB-4D9E-A54C-4DEFF436E544}
		{B3F06F9B-13F3-4BBE-B564-8610B27C606C} = {BFF38B2C-F1BB-4D9E-A54C-4DEFF436E544}
		{6AE37994-AB4E-4BCE-9356-9DA6D5FD360E} = {BFF38B2C-F1BB-4D9E-A54C-4DEFF436E544}
		{AB7176AA-5218-4E73-B057-62018BA59A14} = {BFF38B2C-F1BB-4D9E-A54C-4DEFF436E544}
		{A057E9DE-F484-4667-B836-BE4295EA4546} = {BFF38B2C-F1BB-4D9E-A54C-4DEFF436E544}
		{5006B1B6-0EF3-4833-BFC3-F21B68A4F4B8} = {BFF38B2C-F1BB-4D9E-A54C-4DEFF436E544}
		{5CB3D131-D55C-4C50-91AC-EDBA2C669724} = {BFF38B2C-F1BB-4D9E-A54C-4DEFF436E544}
		{12B6A4F6-985C-4BEF-9255-9E1290433A61} = {BFF38B2C-F1BB-4D9E-A54C-4DEFF436E544}
		{405227C4-AF5A-4855-BDBC-A08C556B67A9} = {BFF38B2C-F1BB-4D9E-A54C-4DEFF436E544}
		{AB561475-BD89-4815-911F-78E0CD74E2BD} = {BFF38B2C-F1BB-4D9E-A54C-4DEFF436E544}
		{DC5A3E6B-CD6D-4B19-A10C-F4BAE6761D00} = {BFF38B2C-F1BB-4D9E-A54C-4DEFF436E544}
	EndGlobalSection
EndGlobal
